<?xml version="1.0" encoding="utf-8"?>
<Project ToolsVersion="4.0" xmlns="http://schemas.microsoft.com/developer/msbuild/2003">
  <ItemGroup>
    <Filter Include="Source Files">
      <UniqueIdentifier>{4FC737F1-C7A5-4376-A066-2A32D752A2FF}</UniqueIdentifier>
      <Extensions>cpp;c;cc;cxx;def;odl;idl;hpj;bat;asm;asmx</Extensions>
    </Filter>
    <Filter Include="Header Files">
      <UniqueIdentifier>{93995380-89BD-4b04-88EB-625FBE52EBFB}</UniqueIdentifier>
      <Extensions>h;hh;hpp;hxx;hm;inl;inc;xsd</Extensions>
    </Filter>
    <Filter Include="Resource Files">
      <UniqueIdentifier>{67DA6AB6-F800-4c08-8B7A-83BB121AAD01}</UniqueIdentifier>
      <Extensions>rc;ico;cur;bmp;dlg;rc2;rct;bin;rgs;gif;jpg;jpeg;jpe;resx;tiff;tif;png;wav;mfcribbon-ms</Extensions>
    </Filter>
    <Filter Include="Dependencies">
      <UniqueIdentifier>{918210bc-7304-4f60-898e-ea799ec7f74c}</UniqueIdentifier>
    </Filter>
  </ItemGroup>
  <ItemGroup>
    <ClCompile Include="..\..\Source\DelaunayProfiling\Main.cpp">
      <Filter>Source Files</Filter>
    </ClCompile>
    <ClCompile Include="..\..\Source\Daedalus\Controllers\EventBus\EventBus.cpp">
      <Filter>Dependencies</Filter>
    </ClCompile>
    <ClCompile Include="..\..\Source\Daedalus\Models\Terrain\BiomeRegionData.cpp">
      <Filter>Dependencies</Filter>
    </ClCompile>
    <ClCompile Include="..\..\Source\Daedalus\Models\Terrain\BiomeRegionLoader.cpp">
      <Filter>Dependencies</Filter>
    </ClCompile>
    <ClCompile Include="..\..\Source\Daedalus\Utilities\Graph\Delaunay.cpp">
      <Filter>Dependencies</Filter>
    </ClCompile>
    <ClCompile Include="..\..\Source\Daedalus\Utilities\Graph\DelaunayDatastructures.cpp">
      <Filter>Dependencies</Filter>
    </ClCompile>
    <ClCompile Include="..\..\Source\Daedalus\Utilities\Graph\GraphDatastructures.cpp">
      <Filter>Dependencies</Filter>
    </ClCompile>
    <ClCompile Include="..\..\Source\Daedalus\Utilities\Noise\Perlin.cpp">
      <Filter>Dependencies</Filter>
    </ClCompile>
    <ClCompile Include="..\..\Source\Daedalus\Utilities\Algebra\Algebra2D.cpp">
      <Filter>Dependencies</Filter>
    </ClCompile>
    <ClCompile Include="..\..\Source\Daedalus\Utilities\Algebra\Algebra3D.cpp">
      <Filter>Dependencies</Filter>
    </ClCompile>
    <ClCompile Include="..\..\Source\Daedalus\Utilities\Algebra\DataStructures2D.cpp">
      <Filter>Dependencies</Filter>
    </ClCompile>
    <ClCompile Include="..\..\Source\Daedalus\Utilities\Algebra\Matrix4D.cpp">
      <Filter>Dependencies</Filter>
    </ClCompile>
    <ClCompile Include="..\..\Source\Daedalus\Utilities\Algebra\Algebra.cpp">
      <Filter>Dependencies</Filter>
    </ClCompile>
    <ClCompile Include="..\..\Source\Daedalus\Utilities\Algebra\DataStructures3D.cpp">
      <Filter>Dependencies</Filter>
    </ClCompile>
  </ItemGroup>
  <ItemGroup>
    <ClInclude Include="..\..\Source\DelaunayProfiling\Engine.h">
      <Filter>Header Files</Filter>
    </ClInclude>
  </ItemGroup>
</Project>