// !$*UTF8*$!
{
	archiveVersion = 1;
	classes = {
	};
	objectVersion = 46;
	objects = {

/* Begin PBXBuildFile section */
		0CEFAB5A1899CC75420A1B8D /* ChunkLoader.cpp in Sources */ = {isa = PBXBuildFile; fileRef = 1654B573D83F1CDE6DF27747 /* ChunkLoader.cpp */; };
		27AFC5D77CBF58FB29C42D1E /* BiomeRegion.cpp in Sources */ = {isa = PBXBuildFile; fileRef = 2D19E2F2734BF246E70BD9BE /* BiomeRegion.cpp */; };
		2A38DBB491B423AF6F5B2EC3 /* Algebra3.cpp in Sources */ = {isa = PBXBuildFile; fileRef = 29FC17BCBC00AB4007D219E1 /* Algebra3.cpp */; };
		3F00714C866B5B81509B6DE9 /* XCTest.framework in Frameworks */ = {isa = PBXBuildFile; fileRef = 4F4776E4A6E2C8755F2D1C33 /* XCTest.framework */; };
		3F7CD6CC49BA280E621CC9F1 /* Midpoint.cpp in Sources */ = {isa = PBXBuildFile; fileRef = 72FBD525AC2139B37DEB4390 /* Midpoint.cpp */; };
		3FA8A87A97F953207905EFD6 /* GeneratedMeshComponent.cpp in Sources */ = {isa = PBXBuildFile; fileRef = 5AFC04FBD5F38228F027F30F /* GeneratedMeshComponent.cpp */; };
		4D492ACE78BDC7E1AE5D618A /* DelaunayDatastructures.cpp in Sources */ = {isa = PBXBuildFile; fileRef = EE3EEA590C6ADA2C929100CA /* DelaunayDatastructures.cpp */; };
		5A273BE58904752506AD7474 /* EventListener.cpp in Sources */ = {isa = PBXBuildFile; fileRef = B055C80CF81A0379101047B9 /* EventListener.cpp */; };
		62FB6C873C96032511FA6EC9 /* PlayerCharacter.cpp in Sources */ = {isa = PBXBuildFile; fileRef = C2B4B2C61992407D66A50C05 /* PlayerCharacter.cpp */; };
		6857F8EAE30E1EA7348C407F /* BiomeRegionLoader.cpp in Sources */ = {isa = PBXBuildFile; fileRef = 0C2D366B707949B120CA6EBD /* BiomeRegionLoader.cpp */; };
		6A390DB9969161E8BE4F0CF4 /* Daedalus.cpp in Sources */ = {isa = PBXBuildFile; fileRef = 3F423ED8C0523730E2E120DB /* Daedalus.cpp */; };
		7CC7A084A4947195A832482C /* Matrix4.cpp in Sources */ = {isa = PBXBuildFile; fileRef = C07DCF5AAAB848C47CD221DD /* Matrix4.cpp */; };
		8CA5EF6672C374DB7D05FB2D /* Chunk.cpp in Sources */ = {isa = PBXBuildFile; fileRef = 946A116CFB87339CF0E95285 /* Chunk.cpp */; };
		9DB3C79F76F994FE0A529084 /* TestMesh.cpp in Sources */ = {isa = PBXBuildFile; fileRef = 2550F952F75F829C8282D79A /* TestMesh.cpp */; };
		A4D32B104BE749A39DA457B5 /* DebugMeshHelpers.cpp in Sources */ = {isa = PBXBuildFile; fileRef = 171293B424B44A22B5F14177 /* DebugMeshHelpers.cpp */; };
		A5628470F317DFBC0AC94CF2 /* EventBus.cpp in Sources */ = {isa = PBXBuildFile; fileRef = 71691D23B02BEEDBB5650509 /* EventBus.cpp */; };
		A642C9A4EACF852E707BE498 /* Algebra2.cpp in Sources */ = {isa = PBXBuildFile; fileRef = C9593CE068915DC38157E739 /* Algebra2.cpp */; };
		B9DA2287E06D554F82C141CF /* BiomeRegionData.cpp in Sources */ = {isa = PBXBuildFile; fileRef = 7A3B692D8EC585BB3FD0F8FD /* BiomeRegionData.cpp */; };
		C39DBEF837505267F32005E7 /* Delaunay.cpp in Sources */ = {isa = PBXBuildFile; fileRef = EFA2C2182C067BCABEB8875F /* Delaunay.cpp */; };
		CD2B4BAAD044778F03B18500 /* DDGameState.cpp in Sources */ = {isa = PBXBuildFile; fileRef = 2165E139F0A34D8E3CE54651 /* DDGameState.cpp */; };
		D1E06C9BBAD545796AB45E8E /* Perlin.cpp in Sources */ = {isa = PBXBuildFile; fileRef = EBC412150236D8995CD61C23 /* Perlin.cpp */; };
		D711B1FC4DEE60CF3FB6188C /* BiomeRegionManager.cpp in Sources */ = {isa = PBXBuildFile; fileRef = D9C0999C542D97A8C7B043A0 /* BiomeRegionManager.cpp */; };
		E0D5E37E44FE18C071C6F760 /* MarchingCubes.cpp in Sources */ = {isa = PBXBuildFile; fileRef = 4B5CF9144B43C3020F9DB79E /* MarchingCubes.cpp */; };
		E21DA3825FF65243B4288416 /* DDGameMode.cpp in Sources */ = {isa = PBXBuildFile; fileRef = B5F64B35230992EDF2421C69 /* DDGameMode.cpp */; };
		E2DB2220F04DCA7BF3222605 /* GraphDatastructures.cpp in Sources */ = {isa = PBXBuildFile; fileRef = 93DFE9180935B8B8BCFFBFC2 /* GraphDatastructures.cpp */; };
		F065836E73C8A2F3415E76E1 /* ChunkManager.cpp in Sources */ = {isa = PBXBuildFile; fileRef = 6C80F057548241D7663CECC5 /* ChunkManager.cpp */; };
		F8EE3A7C52D9DFE2A62935E1 /* DebugCharacter.cpp in Sources */ = {isa = PBXBuildFile; fileRef = 0F1C8B2C8EC6F456C28CBD39 /* DebugCharacter.cpp */; };
/* End PBXBuildFile section */

/* Begin PBXContainerItemProxy section */
		948FEF19E99B948C50046052 /* PBXContainerItemProxy */ = {
			isa = PBXContainerItemProxy;
			containerPortal = 42C091BCCD9B3D4604F4B6F4 /* Project object */;
			proxyType = 1;
			remoteGlobalIDString = 4BE6483AF704F8090B1F070F;
			remoteInfo = "Daedalus - Mac";
		};
/* End PBXContainerItemProxy section */

/* Begin PBXFileReference section */
		0C2D366B707949B120CA6EBD /* BiomeRegionLoader.cpp */ = {isa = PBXFileReference; lastKnownFileType = sourcecode.cpp.objcpp; name = BiomeRegionLoader.cpp; path = Source/Daedalus/Models/Terrain/BiomeRegionLoader.cpp; sourceTree = SOURCE_ROOT; };
		0F1C8B2C8EC6F456C28CBD39 /* DebugCharacter.cpp */ = {isa = PBXFileReference; lastKnownFileType = sourcecode.cpp.objcpp; name = DebugCharacter.cpp; path = Source/Daedalus/Actors/Characters/DebugCharacter.cpp; sourceTree = SOURCE_ROOT; };
		11B1B3FC1F37E336072531F6 /* Perlin.h */ = {isa = PBXFileReference; lastKnownFileType = sourcecode.c.h; name = Perlin.h; path = Source/Daedalus/Utilities/Noise/Perlin.h; sourceTree = SOURCE_ROOT; };
		13ACA80B3B6D4F7F8DAE3AEA /* ChunkManager.h */ = {isa = PBXFileReference; lastKnownFileType = sourcecode.c.h; name = ChunkManager.h; path = Source/Daedalus/Actors/Terrain/ChunkManager.h; sourceTree = SOURCE_ROOT; };
		15A34CDBDF6AF17442A5BC38 /* Daedalus.uproject */ = {isa = PBXFileReference; lastKnownFileType = file.text; path = Daedalus.uproject; sourceTree = SOURCE_ROOT; };
		1654B573D83F1CDE6DF27747 /* ChunkLoader.cpp */ = {isa = PBXFileReference; lastKnownFileType = sourcecode.cpp.objcpp; name = ChunkLoader.cpp; path = Source/Daedalus/Models/Terrain/ChunkLoader.cpp; sourceTree = SOURCE_ROOT; };
		171293B424B44A22B5F14177 /* DebugMeshHelpers.cpp */ = {isa = PBXFileReference; lastKnownFileType = sourcecode.cpp.objcpp; name = DebugMeshHelpers.cpp; path = Source/Daedalus/Utilities/Mesh/DebugMeshHelpers.cpp; sourceTree = SOURCE_ROOT; };
		172A2FE00FA3A092B5E62089 /* DebugCharacter.h */ = {isa = PBXFileReference; lastKnownFileType = sourcecode.c.h; name = DebugCharacter.h; path = Source/Daedalus/Actors/Characters/DebugCharacter.h; sourceTree = SOURCE_ROOT; };
		2165E139F0A34D8E3CE54651 /* DDGameState.cpp */ = {isa = PBXFileReference; lastKnownFileType = sourcecode.cpp.objcpp; name = DDGameState.cpp; path = Source/Daedalus/Controllers/DDGameState.cpp; sourceTree = SOURCE_ROOT; };
		2550F952F75F829C8282D79A /* TestMesh.cpp */ = {isa = PBXFileReference; lastKnownFileType = sourcecode.cpp.objcpp; name = TestMesh.cpp; path = Source/Daedalus/Actors/TestMesh.cpp; sourceTree = SOURCE_ROOT; };
		29E7F796542CD23581EB9949 /* DelaunayDatastructures.h */ = {isa = PBXFileReference; lastKnownFileType = sourcecode.c.h; name = DelaunayDatastructures.h; path = Source/Daedalus/Utilities/Graph/DelaunayDatastructures.h; sourceTree = SOURCE_ROOT; };
		29FC17BCBC00AB4007D219E1 /* Algebra3.cpp */ = {isa = PBXFileReference; lastKnownFileType = sourcecode.cpp.objcpp; name = Algebra3.cpp; path = Source/Daedalus/Utilities/Algebra/Algebra3.cpp; sourceTree = SOURCE_ROOT; };
		2D19E2F2734BF246E70BD9BE /* BiomeRegion.cpp */ = {isa = PBXFileReference; lastKnownFileType = sourcecode.cpp.objcpp; name = BiomeRegion.cpp; path = Source/Daedalus/Actors/Terrain/BiomeRegion.cpp; sourceTree = SOURCE_ROOT; };
		3397B24CD189DA9D64548528 /* Daedalus.ico */ = {isa = PBXFileReference; lastKnownFileType = file.text; name = Daedalus.ico; path = Source/Daedalus/Resources/Windows/Daedalus.ico; sourceTree = SOURCE_ROOT; };
		36B8E73EFE71BA712AF8D691 /* GraphDatastructures.h */ = {isa = PBXFileReference; lastKnownFileType = sourcecode.c.h; name = GraphDatastructures.h; path = Source/Daedalus/Utilities/Graph/GraphDatastructures.h; sourceTree = SOURCE_ROOT; };
		3B062016257A479AC48AD30A /* PlayerCharacter.h */ = {isa = PBXFileReference; lastKnownFileType = sourcecode.c.h; name = PlayerCharacter.h; path = Source/Daedalus/Actors/Characters/PlayerCharacter.h; sourceTree = SOURCE_ROOT; };
		3B94DB3A25CD17AF074EA793 /* BiomeRegionLoader.h */ = {isa = PBXFileReference; lastKnownFileType = sourcecode.c.h; name = BiomeRegionLoader.h; path = Source/Daedalus/Models/Terrain/BiomeRegionLoader.h; sourceTree = SOURCE_ROOT; };
		3F423ED8C0523730E2E120DB /* Daedalus.cpp */ = {isa = PBXFileReference; lastKnownFileType = sourcecode.cpp.objcpp; name = Daedalus.cpp; path = Source/Daedalus/Daedalus.cpp; sourceTree = SOURCE_ROOT; };
		3FB149C375D527F5CCC206D0 /* Constants.h */ = {isa = PBXFileReference; lastKnownFileType = sourcecode.c.h; name = Constants.h; path = Source/Daedalus/Utilities/Constants.h; sourceTree = SOURCE_ROOT; };
		44875E2521F992E1D725A985 /* libUE4XcodeHelper.a */ = {isa = PBXFileReference; explicitFileType = archive.ar; includeInIndex = 0; path = libUE4XcodeHelper.a; sourceTree = BUILT_PRODUCTS_DIR; };
		4B5CF9144B43C3020F9DB79E /* MarchingCubes.cpp */ = {isa = PBXFileReference; lastKnownFileType = sourcecode.cpp.objcpp; name = MarchingCubes.cpp; path = Source/Daedalus/Utilities/Mesh/MarchingCubes.cpp; sourceTree = SOURCE_ROOT; };
		4CD3C1AEC16D37E04EBBD2C6 /* Algebra.h */ = {isa = PBXFileReference; lastKnownFileType = sourcecode.c.h; name = Algebra.h; path = Source/Daedalus/Utilities/Algebra/Algebra.h; sourceTree = SOURCE_ROOT; };
		4F4776E4A6E2C8755F2D1C33 /* XCTest.framework */ = {isa = PBXFileReference; lastKnownFileType = wrapper.framework; name = XCTest.framework; path = Library/Frameworks/XCTest.framework; sourceTree = DEVELOPER_DIR; };
		56F3EA26B079EBBD04D58035 /* Chunk.h */ = {isa = PBXFileReference; lastKnownFileType = sourcecode.c.h; name = Chunk.h; path = Source/Daedalus/Actors/Terrain/Chunk.h; sourceTree = SOURCE_ROOT; };
		59952E5C4D77A32301346879 /* Vector3.h */ = {isa = PBXFileReference; lastKnownFileType = sourcecode.c.h; name = Vector3.h; path = Source/Daedalus/Utilities/Algebra/Vector3.h; sourceTree = SOURCE_ROOT; };
		5AF5BED3BA91583CD0B049CF /* BiomeRegionManager.h */ = {isa = PBXFileReference; lastKnownFileType = sourcecode.c.h; name = BiomeRegionManager.h; path = Source/Daedalus/Actors/Terrain/BiomeRegionManager.h; sourceTree = SOURCE_ROOT; };
		5AFC04FBD5F38228F027F30F /* GeneratedMeshComponent.cpp */ = {isa = PBXFileReference; lastKnownFileType = sourcecode.cpp.objcpp; name = GeneratedMeshComponent.cpp; path = Source/Daedalus/Actors/CustomComponents/GeneratedMeshComponent.cpp; sourceTree = SOURCE_ROOT; };
		6028181650C886C91A9FBED0 /* BiomeRegionData.h */ = {isa = PBXFileReference; lastKnownFileType = sourcecode.c.h; name = BiomeRegionData.h; path = Source/Daedalus/Models/Terrain/BiomeRegionData.h; sourceTree = SOURCE_ROOT; };
		62147C9A139B0CC310311762 /* Delaunay.h */ = {isa = PBXFileReference; lastKnownFileType = sourcecode.c.h; name = Delaunay.h; path = Source/Daedalus/Utilities/Graph/Delaunay.h; sourceTree = SOURCE_ROOT; };
		6395010B83F189E14504CF28 /* Vector2.h */ = {isa = PBXFileReference; lastKnownFileType = sourcecode.c.h; name = Vector2.h; path = Source/Daedalus/Utilities/Algebra/Vector2.h; sourceTree = SOURCE_ROOT; };
		6689F3FDD131EFF7580CDBF7 /* EventBus.h */ = {isa = PBXFileReference; lastKnownFileType = sourcecode.c.h; name = EventBus.h; path = Source/Daedalus/Controllers/EventBus/EventBus.h; sourceTree = SOURCE_ROOT; };
		6B10EF6C58AD72A2BFBC0026 /* Daedalus.h */ = {isa = PBXFileReference; lastKnownFileType = sourcecode.c.h; name = Daedalus.h; path = Source/Daedalus/Daedalus.h; sourceTree = SOURCE_ROOT; };
		6C80F057548241D7663CECC5 /* ChunkManager.cpp */ = {isa = PBXFileReference; lastKnownFileType = sourcecode.cpp.objcpp; name = ChunkManager.cpp; path = Source/Daedalus/Actors/Terrain/ChunkManager.cpp; sourceTree = SOURCE_ROOT; };
		71691D23B02BEEDBB5650509 /* EventBus.cpp */ = {isa = PBXFileReference; lastKnownFileType = sourcecode.cpp.objcpp; name = EventBus.cpp; path = Source/Daedalus/Controllers/EventBus/EventBus.cpp; sourceTree = SOURCE_ROOT; };
		7298C535FFB31C2F2A0DF4D3 /* Matrix4.h */ = {isa = PBXFileReference; lastKnownFileType = sourcecode.c.h; name = Matrix4.h; path = Source/Daedalus/Utilities/Algebra/Matrix4.h; sourceTree = SOURCE_ROOT; };
		72FBD525AC2139B37DEB4390 /* Midpoint.cpp */ = {isa = PBXFileReference; lastKnownFileType = sourcecode.cpp.objcpp; name = Midpoint.cpp; path = Source/Daedalus/Utilities/Noise/Midpoint.cpp; sourceTree = SOURCE_ROOT; };
		7A3B692D8EC585BB3FD0F8FD /* BiomeRegionData.cpp */ = {isa = PBXFileReference; lastKnownFileType = sourcecode.cpp.objcpp; name = BiomeRegionData.cpp; path = Source/Daedalus/Models/Terrain/BiomeRegionData.cpp; sourceTree = SOURCE_ROOT; };
		7F1BB64FDEE27BED79E2B518 /* EventListener.h */ = {isa = PBXFileReference; lastKnownFileType = sourcecode.c.h; name = EventListener.h; path = Source/Daedalus/Controllers/EventBus/EventListener.h; sourceTree = SOURCE_ROOT; };
		808D4B3297009FC056FC900B /* UE4CmdLineRun.xctest */ = {isa = PBXFileReference; explicitFileType = wrapper.cfbundle; includeInIndex = 0; path = UE4CmdLineRun.xctest; sourceTree = BUILT_PRODUCTS_DIR; };
		813DBB2C8FA8488CB2A0850E /* DataStructures.h */ = {isa = PBXFileReference; lastKnownFileType = sourcecode.c.h; name = DataStructures.h; path = Source/Daedalus/Utilities/DataStructures.h; sourceTree = SOURCE_ROOT; };
		827F628BDE26193DCAF04501 /* Daedalus.rc */ = {isa = PBXFileReference; lastKnownFileType = file.text; name = Daedalus.rc; path = Source/Daedalus/Resources/Windows/Daedalus.rc; sourceTree = SOURCE_ROOT; };
		85596FB6CE91F8C3DCE657E0 /* Events.h */ = {isa = PBXFileReference; lastKnownFileType = sourcecode.c.h; name = Events.h; path = Source/Daedalus/Controllers/EventBus/Events.h; sourceTree = SOURCE_ROOT; };
		8C1DEA4C19D52798DE0DD1BA /* MarchingCubes.h */ = {isa = PBXFileReference; lastKnownFileType = sourcecode.c.h; name = MarchingCubes.h; path = Source/Daedalus/Utilities/Mesh/MarchingCubes.h; sourceTree = SOURCE_ROOT; };
		8ECEEA9EC2004E8ED775D5ED /* Vector4.h */ = {isa = PBXFileReference; lastKnownFileType = sourcecode.c.h; name = Vector4.h; path = Source/Daedalus/Utilities/Algebra/Vector4.h; sourceTree = SOURCE_ROOT; };
		93DFE9180935B8B8BCFFBFC2 /* GraphDatastructures.cpp */ = {isa = PBXFileReference; lastKnownFileType = sourcecode.cpp.objcpp; name = GraphDatastructures.cpp; path = Source/Daedalus/Utilities/Graph/GraphDatastructures.cpp; sourceTree = SOURCE_ROOT; };
		946A116CFB87339CF0E95285 /* Chunk.cpp */ = {isa = PBXFileReference; lastKnownFileType = sourcecode.cpp.objcpp; name = Chunk.cpp; path = Source/Daedalus/Actors/Terrain/Chunk.cpp; sourceTree = SOURCE_ROOT; };
		9BEDAA895814F11402F6FD86 /* DebugMeshHelpers.h */ = {isa = PBXFileReference; lastKnownFileType = sourcecode.c.h; name = DebugMeshHelpers.h; path = Source/Daedalus/Utilities/Mesh/DebugMeshHelpers.h; sourceTree = SOURCE_ROOT; };
		A4D012BA00E942CE3E13ED28 /* UnrealBridge.h */ = {isa = PBXFileReference; lastKnownFileType = sourcecode.c.h; name = UnrealBridge.h; path = Source/Daedalus/Utilities/UnrealBridge.h; sourceTree = SOURCE_ROOT; };
		A58817B4BFE3EC885169C687 /* Algebra2.h */ = {isa = PBXFileReference; lastKnownFileType = sourcecode.c.h; name = Algebra2.h; path = Source/Daedalus/Utilities/Algebra/Algebra2.h; sourceTree = SOURCE_ROOT; };
		AF8DCEC0EFCB86B2FEA83E67 /* Hash.h */ = {isa = PBXFileReference; lastKnownFileType = sourcecode.c.h; name = Hash.h; path = Source/Daedalus/Utilities/Hash.h; sourceTree = SOURCE_ROOT; };
		B055C80CF81A0379101047B9 /* EventListener.cpp */ = {isa = PBXFileReference; lastKnownFileType = sourcecode.cpp.objcpp; name = EventListener.cpp; path = Source/Daedalus/Controllers/EventBus/EventListener.cpp; sourceTree = SOURCE_ROOT; };
		B5F64B35230992EDF2421C69 /* DDGameMode.cpp */ = {isa = PBXFileReference; lastKnownFileType = sourcecode.cpp.objcpp; name = DDGameMode.cpp; path = Source/Daedalus/Controllers/DDGameMode.cpp; sourceTree = SOURCE_ROOT; };
		B64C3FA889BE2718F09D3BB4 /* Daedalus.Target.cs */ = {isa = PBXFileReference; lastKnownFileType = file.text; name = Daedalus.Target.cs; path = Source/Daedalus.Target.cs; sourceTree = SOURCE_ROOT; };
		BE9C3077E1F943F41CD9821F /* ChunkLoader.h */ = {isa = PBXFileReference; lastKnownFileType = sourcecode.c.h; name = ChunkLoader.h; path = Source/Daedalus/Models/Terrain/ChunkLoader.h; sourceTree = SOURCE_ROOT; };
		C07DCF5AAAB848C47CD221DD /* Matrix4.cpp */ = {isa = PBXFileReference; lastKnownFileType = sourcecode.cpp.objcpp; name = Matrix4.cpp; path = Source/Daedalus/Utilities/Algebra/Matrix4.cpp; sourceTree = SOURCE_ROOT; };
		C2B4B2C61992407D66A50C05 /* PlayerCharacter.cpp */ = {isa = PBXFileReference; lastKnownFileType = sourcecode.cpp.objcpp; name = PlayerCharacter.cpp; path = Source/Daedalus/Actors/Characters/PlayerCharacter.cpp; sourceTree = SOURCE_ROOT; };
		C9593CE068915DC38157E739 /* Algebra2.cpp */ = {isa = PBXFileReference; lastKnownFileType = sourcecode.cpp.objcpp; name = Algebra2.cpp; path = Source/Daedalus/Utilities/Algebra/Algebra2.cpp; sourceTree = SOURCE_ROOT; };
		CB393D8791A3E41315F82216 /* GeneratedMeshComponent.h */ = {isa = PBXFileReference; lastKnownFileType = sourcecode.c.h; name = GeneratedMeshComponent.h; path = Source/Daedalus/Actors/CustomComponents/GeneratedMeshComponent.h; sourceTree = SOURCE_ROOT; };
		CD0CCEFEF2515DF4E171EFA6 /* OpenGLES.framework */ = {isa = PBXFileReference; lastKnownFileType = wrapper.framework; name = OpenGLES.framework; path = System/Library/Frameworks/OpenGLES.framework; sourceTree = SDKROOT; };
		CF63FC4D1A9319D89FFF0988 /* Midpoint.h */ = {isa = PBXFileReference; lastKnownFileType = sourcecode.c.h; name = Midpoint.h; path = Source/Daedalus/Utilities/Noise/Midpoint.h; sourceTree = SOURCE_ROOT; };
		D2A29D200257CBB89990085E /* Daedalus.Build.cs */ = {isa = PBXFileReference; lastKnownFileType = file.text; name = Daedalus.Build.cs; path = Source/Daedalus/Daedalus.Build.cs; sourceTree = SOURCE_ROOT; };
		D30D71E001591145B07C34E6 /* DDGameState.h */ = {isa = PBXFileReference; lastKnownFileType = sourcecode.c.h; name = DDGameState.h; path = Source/Daedalus/Controllers/DDGameState.h; sourceTree = SOURCE_ROOT; };
		D38ACCF96672675D26E8C3DD /* ChunkData.h */ = {isa = PBXFileReference; lastKnownFileType = sourcecode.c.h; name = ChunkData.h; path = Source/Daedalus/Models/Terrain/ChunkData.h; sourceTree = SOURCE_ROOT; };
		D4EC617B37E0C926B965EFD1 /* DDGameMode.h */ = {isa = PBXFileReference; lastKnownFileType = sourcecode.c.h; name = DDGameMode.h; path = Source/Daedalus/Controllers/DDGameMode.h; sourceTree = SOURCE_ROOT; };
		D9C0999C542D97A8C7B043A0 /* BiomeRegionManager.cpp */ = {isa = PBXFileReference; lastKnownFileType = sourcecode.cpp.objcpp; name = BiomeRegionManager.cpp; path = Source/Daedalus/Actors/Terrain/BiomeRegionManager.cpp; sourceTree = SOURCE_ROOT; };
		DA2F44CA29214A2137DCF1B8 /* TerrainDataStructures.h */ = {isa = PBXFileReference; lastKnownFileType = sourcecode.c.h; name = TerrainDataStructures.h; path = Source/Daedalus/Models/Terrain/TerrainDataStructures.h; sourceTree = SOURCE_ROOT; };
		E597618D700086845231AED2 /* BiomeRegion.h */ = {isa = PBXFileReference; lastKnownFileType = sourcecode.c.h; name = BiomeRegion.h; path = Source/Daedalus/Actors/Terrain/BiomeRegion.h; sourceTree = SOURCE_ROOT; };
		E87B71283A2450FDB3AFA02A /* DaedalusEditor.Target.cs */ = {isa = PBXFileReference; lastKnownFileType = file.text; name = DaedalusEditor.Target.cs; path = Source/DaedalusEditor.Target.cs; sourceTree = SOURCE_ROOT; };
		E97872DDC3C98FCF8D6C94BD /* TestMesh.h */ = {isa = PBXFileReference; lastKnownFileType = sourcecode.c.h; name = TestMesh.h; path = Source/Daedalus/Actors/TestMesh.h; sourceTree = SOURCE_ROOT; };
		EBC412150236D8995CD61C23 /* Perlin.cpp */ = {isa = PBXFileReference; lastKnownFileType = sourcecode.cpp.objcpp; name = Perlin.cpp; path = Source/Daedalus/Utilities/Noise/Perlin.cpp; sourceTree = SOURCE_ROOT; };
		EE3EEA590C6ADA2C929100CA /* DelaunayDatastructures.cpp */ = {isa = PBXFileReference; lastKnownFileType = sourcecode.cpp.objcpp; name = DelaunayDatastructures.cpp; path = Source/Daedalus/Utilities/Graph/DelaunayDatastructures.cpp; sourceTree = SOURCE_ROOT; };
		EFA2C2182C067BCABEB8875F /* Delaunay.cpp */ = {isa = PBXFileReference; lastKnownFileType = sourcecode.cpp.objcpp; name = Delaunay.cpp; path = Source/Daedalus/Utilities/Graph/Delaunay.cpp; sourceTree = SOURCE_ROOT; };
		F4A6E015B1757A6580449ADE /* Algebra3.h */ = {isa = PBXFileReference; lastKnownFileType = sourcecode.c.h; name = Algebra3.h; path = Source/Daedalus/Utilities/Algebra/Algebra3.h; sourceTree = SOURCE_ROOT; };
		F7D78761C658CCFDC9AE8FDC /* Daedalus.app */ = {isa = PBXFileReference; explicitFileType = wrapper.application; includeInIndex = 0; path = Daedalus.app; sourceTree = BUILT_PRODUCTS_DIR; };
/* End PBXFileReference section */

/* Begin PBXFrameworksBuildPhase section */
		359BD2D1A2DEC3FA1594EC74 /* Frameworks */ = {
			isa = PBXFrameworksBuildPhase;
			buildActionMask = 2147483647;
			files = (
			);
			runOnlyForDeploymentPostprocessing = 0;
		};
		5B7302EAECCFC7F5765BE4EC /* Frameworks */ = {
			isa = PBXFrameworksBuildPhase;
			buildActionMask = 2147483647;
			files = (
				3F00714C866B5B81509B6DE9 /* XCTest.framework in Frameworks */,
			);
			runOnlyForDeploymentPostprocessing = 0;
		};
		62D7E298C570D96C98D8B07E /* Frameworks */ = {
			isa = PBXFrameworksBuildPhase;
			buildActionMask = 2147483647;
			files = (
			);
			runOnlyForDeploymentPostprocessing = 0;
		};
/* End PBXFrameworksBuildPhase section */

/* Begin PBXGroup section */
		0D901B70BB314318B750DEEB /* Mesh */ = {
			isa = PBXGroup;
			children = (
				171293B424B44A22B5F14177 /* DebugMeshHelpers.cpp */,
				9BEDAA895814F11402F6FD86 /* DebugMeshHelpers.h */,
				4B5CF9144B43C3020F9DB79E /* MarchingCubes.cpp */,
				8C1DEA4C19D52798DE0DD1BA /* MarchingCubes.h */,
			);
			name = Mesh;
			path = Source/Daedalus/Utilities/Mesh;
			sourceTree = "<group>";
		};
		18F8EFC41C46523B2087350C /* Products */ = {
			isa = PBXGroup;
			children = (
				44875E2521F992E1D725A985 /* libUE4XcodeHelper.a */,
				808D4B3297009FC056FC900B /* UE4CmdLineRun.xctest */,
				F7D78761C658CCFDC9AE8FDC /* Daedalus.app */,
			);
			name = Products;
			sourceTree = "<group>";
		};
		2DC60B36D9934F15DE4420A2 /* Daedalus */ = {
			isa = PBXGroup;
			children = (
				F7189DDA70E846D35EC18368 /* Actors */,
				ACB9704BF3350555C9D714A0 /* Controllers */,
				2DDF9B063B9F2591CDCD7EB1 /* Models */,
				C1A4856EA0C1881BECA2CD41 /* Resources */,
				D23E97B1FAF68A12F3F839F9 /* Utilities */,
				D2A29D200257CBB89990085E /* Daedalus.Build.cs */,
				3F423ED8C0523730E2E120DB /* Daedalus.cpp */,
				6B10EF6C58AD72A2BFBC0026 /* Daedalus.h */,
			);
			name = Daedalus;
			path = Source/Daedalus;
			sourceTree = "<group>";
		};
		2DDF9B063B9F2591CDCD7EB1 /* Models */ = {
			isa = PBXGroup;
			children = (
				49D8C478F231EC2A625AD0DB /* Terrain */,
			);
			name = Models;
			path = Source/Daedalus/Models;
			sourceTree = "<group>";
		};
		3E947619C1DA990B512ED52B /* Characters */ = {
			isa = PBXGroup;
			children = (
				0F1C8B2C8EC6F456C28CBD39 /* DebugCharacter.cpp */,
				172A2FE00FA3A092B5E62089 /* DebugCharacter.h */,
				C2B4B2C61992407D66A50C05 /* PlayerCharacter.cpp */,
				3B062016257A479AC48AD30A /* PlayerCharacter.h */,
			);
			name = Characters;
			path = Source/Daedalus/Actors/Characters;
			sourceTree = "<group>";
		};
		4782F588EEEE842174DC61AE /* Terrain */ = {
			isa = PBXGroup;
			children = (
				2D19E2F2734BF246E70BD9BE /* BiomeRegion.cpp */,
				E597618D700086845231AED2 /* BiomeRegion.h */,
				D9C0999C542D97A8C7B043A0 /* BiomeRegionManager.cpp */,
				5AF5BED3BA91583CD0B049CF /* BiomeRegionManager.h */,
				946A116CFB87339CF0E95285 /* Chunk.cpp */,
				56F3EA26B079EBBD04D58035 /* Chunk.h */,
				6C80F057548241D7663CECC5 /* ChunkManager.cpp */,
				13ACA80B3B6D4F7F8DAE3AEA /* ChunkManager.h */,
			);
			name = Terrain;
			path = Source/Daedalus/Actors/Terrain;
			sourceTree = "<group>";
		};
		49D8C478F231EC2A625AD0DB /* Terrain */ = {
			isa = PBXGroup;
			children = (
				7A3B692D8EC585BB3FD0F8FD /* BiomeRegionData.cpp */,
				6028181650C886C91A9FBED0 /* BiomeRegionData.h */,
				0C2D366B707949B120CA6EBD /* BiomeRegionLoader.cpp */,
				3B94DB3A25CD17AF074EA793 /* BiomeRegionLoader.h */,
				D38ACCF96672675D26E8C3DD /* ChunkData.h */,
				1654B573D83F1CDE6DF27747 /* ChunkLoader.cpp */,
				BE9C3077E1F943F41CD9821F /* ChunkLoader.h */,
				DA2F44CA29214A2137DCF1B8 /* TerrainDataStructures.h */,
			);
			name = Terrain;
			path = Source/Daedalus/Models/Terrain;
			sourceTree = "<group>";
		};
		5FAD92B160DA50AFB18C35A6 /* Graph */ = {
			isa = PBXGroup;
			children = (
				EFA2C2182C067BCABEB8875F /* Delaunay.cpp */,
				62147C9A139B0CC310311762 /* Delaunay.h */,
				EE3EEA590C6ADA2C929100CA /* DelaunayDatastructures.cpp */,
				29E7F796542CD23581EB9949 /* DelaunayDatastructures.h */,
				93DFE9180935B8B8BCFFBFC2 /* GraphDatastructures.cpp */,
				36B8E73EFE71BA712AF8D691 /* GraphDatastructures.h */,
			);
			name = Graph;
			path = Source/Daedalus/Utilities/Graph;
			sourceTree = "<group>";
		};
		75AD87493886166CA1B0C91D /* Source */ = {
			isa = PBXGroup;
			children = (
				2DC60B36D9934F15DE4420A2 /* Daedalus */,
				B64C3FA889BE2718F09D3BB4 /* Daedalus.Target.cs */,
				E87B71283A2450FDB3AFA02A /* DaedalusEditor.Target.cs */,
			);
			path = Source;
			sourceTree = "<group>";
		};
		8305E3B1232BA7238D0B7B53 /* Noise */ = {
			isa = PBXGroup;
			children = (
				72FBD525AC2139B37DEB4390 /* Midpoint.cpp */,
				CF63FC4D1A9319D89FFF0988 /* Midpoint.h */,
				EBC412150236D8995CD61C23 /* Perlin.cpp */,
				11B1B3FC1F37E336072531F6 /* Perlin.h */,
			);
			name = Noise;
			path = Source/Daedalus/Utilities/Noise;
			sourceTree = "<group>";
		};
		A0C4DED6D394E31D1F9AB813 /* EventBus */ = {
			isa = PBXGroup;
			children = (
				71691D23B02BEEDBB5650509 /* EventBus.cpp */,
				6689F3FDD131EFF7580CDBF7 /* EventBus.h */,
				B055C80CF81A0379101047B9 /* EventListener.cpp */,
				7F1BB64FDEE27BED79E2B518 /* EventListener.h */,
				85596FB6CE91F8C3DCE657E0 /* Events.h */,
			);
			name = EventBus;
			path = Source/Daedalus/Controllers/EventBus;
			sourceTree = "<group>";
		};
		ACB9704BF3350555C9D714A0 /* Controllers */ = {
			isa = PBXGroup;
			children = (
				A0C4DED6D394E31D1F9AB813 /* EventBus */,
				B5F64B35230992EDF2421C69 /* DDGameMode.cpp */,
				D4EC617B37E0C926B965EFD1 /* DDGameMode.h */,
				2165E139F0A34D8E3CE54651 /* DDGameState.cpp */,
				D30D71E001591145B07C34E6 /* DDGameState.h */,
			);
			name = Controllers;
			path = Source/Daedalus/Controllers;
			sourceTree = "<group>";
		};
		B4F8007CE79BFED3754072F9 /* Algebra */ = {
			isa = PBXGroup;
			children = (
				4CD3C1AEC16D37E04EBBD2C6 /* Algebra.h */,
				C9593CE068915DC38157E739 /* Algebra2.cpp */,
				A58817B4BFE3EC885169C687 /* Algebra2.h */,
				29FC17BCBC00AB4007D219E1 /* Algebra3.cpp */,
				F4A6E015B1757A6580449ADE /* Algebra3.h */,
				C07DCF5AAAB848C47CD221DD /* Matrix4.cpp */,
				7298C535FFB31C2F2A0DF4D3 /* Matrix4.h */,
				6395010B83F189E14504CF28 /* Vector2.h */,
				59952E5C4D77A32301346879 /* Vector3.h */,
				8ECEEA9EC2004E8ED775D5ED /* Vector4.h */,
			);
			name = Algebra;
			path = Source/Daedalus/Utilities/Algebra;
			sourceTree = "<group>";
		};
		C1A4856EA0C1881BECA2CD41 /* Resources */ = {
			isa = PBXGroup;
			children = (
				EB2D9150E5E2B376628305F8 /* Windows */,
			);
			name = Resources;
			path = Source/Daedalus/Resources;
			sourceTree = "<group>";
		};
		D23E97B1FAF68A12F3F839F9 /* Utilities */ = {
			isa = PBXGroup;
			children = (
				B4F8007CE79BFED3754072F9 /* Algebra */,
				5FAD92B160DA50AFB18C35A6 /* Graph */,
				0D901B70BB314318B750DEEB /* Mesh */,
				8305E3B1232BA7238D0B7B53 /* Noise */,
				3FB149C375D527F5CCC206D0 /* Constants.h */,
				813DBB2C8FA8488CB2A0850E /* DataStructures.h */,
				AF8DCEC0EFCB86B2FEA83E67 /* Hash.h */,
				A4D012BA00E942CE3E13ED28 /* UnrealBridge.h */,
			);
			name = Utilities;
			path = Source/Daedalus/Utilities;
			sourceTree = "<group>";
		};
		E696A59251EA9DA24EC5C6D0 /* CustomComponents */ = {
			isa = PBXGroup;
			children = (
				5AFC04FBD5F38228F027F30F /* GeneratedMeshComponent.cpp */,
				CB393D8791A3E41315F82216 /* GeneratedMeshComponent.h */,
			);
			name = CustomComponents;
			path = Source/Daedalus/Actors/CustomComponents;
			sourceTree = "<group>";
		};
		E8FAF6833D08B69C41AF9EFB = {
			isa = PBXGroup;
			children = (
				75AD87493886166CA1B0C91D /* Source */,
				18F8EFC41C46523B2087350C /* Products */,
				F156B82D4F2DF0714E6BD2BF /* Frameworks */,
				15A34CDBDF6AF17442A5BC38 /* Daedalus.uproject */,
			);
			sourceTree = "<group>";
		};
		EB2D9150E5E2B376628305F8 /* Windows */ = {
			isa = PBXGroup;
			children = (
				3397B24CD189DA9D64548528 /* Daedalus.ico */,
				827F628BDE26193DCAF04501 /* Daedalus.rc */,
			);
			name = Windows;
			path = Source/Daedalus/Resources/Windows;
			sourceTree = "<group>";
		};
		F156B82D4F2DF0714E6BD2BF /* Frameworks */ = {
			isa = PBXGroup;
			children = (
				CD0CCEFEF2515DF4E171EFA6 /* OpenGLES.framework */,
				4F4776E4A6E2C8755F2D1C33 /* XCTest.framework */,
			);
			name = Frameworks;
			sourceTree = "<group>";
		};
		F7189DDA70E846D35EC18368 /* Actors */ = {
			isa = PBXGroup;
			children = (
				3E947619C1DA990B512ED52B /* Characters */,
				E696A59251EA9DA24EC5C6D0 /* CustomComponents */,
				4782F588EEEE842174DC61AE /* Terrain */,
				2550F952F75F829C8282D79A /* TestMesh.cpp */,
				E97872DDC3C98FCF8D6C94BD /* TestMesh.h */,
			);
			name = Actors;
			path = Source/Daedalus/Actors;
			sourceTree = "<group>";
		};
/* End PBXGroup section */

/* Begin PBXLegacyTarget section */
		4BE6483AF704F8090B1F070F /* Daedalus - Mac */ = {
			isa = PBXLegacyTarget;
			buildArgumentsString = "$(ACTION) Daedalus $(PLATFORM_NAME) $(CONFIGURATION) \"$(PROJECT_DIR)/Daedalus.uproject\"";
			buildConfigurationList = B3FE6E8C9FF6EFF448F61B2C /* Build configuration list for PBXLegacyTarget "Daedalus - Mac" */;
			buildPhases = (
			);
			buildToolPath = /Users/Shared/UnrealEngine/4.1/Engine/Build/BatchFiles/Mac/RocketBuild.sh;
			buildWorkingDirectory = /Users/Shared/UnrealEngine/4.1;
			dependencies = (
			);
			name = "Daedalus - Mac";
			passBuildSettingsInEnvironment = 1;
			productName = "Daedalus - Mac";
		};
		7C3D1B06611B4CC68992E2C3 /* DaedalusEditor - Mac */ = {
			isa = PBXLegacyTarget;
			buildArgumentsString = "$(ACTION) DaedalusEditor $(PLATFORM_NAME) $(CONFIGURATION) \"$(PROJECT_DIR)/Daedalus.uproject\"";
			buildConfigurationList = 58C6B7838232F6F672FE5C1D /* Build configuration list for PBXLegacyTarget "DaedalusEditor - Mac" */;
			buildPhases = (
			);
			buildToolPath = /Users/Shared/UnrealEngine/4.1/Engine/Build/BatchFiles/Mac/RocketBuild.sh;
			buildWorkingDirectory = /Users/Shared/UnrealEngine/4.1;
			dependencies = (
			);
			name = "DaedalusEditor - Mac";
			passBuildSettingsInEnvironment = 1;
			productName = "DaedalusEditor - Mac";
		};
/* End PBXLegacyTarget section */

/* Begin PBXNativeTarget section */
		10BFB114BAA9F77D7AB69FCD /* UE4XcodeHelper */ = {
			isa = PBXNativeTarget;
			buildConfigurationList = D1CC7E2199A75E40BDE7696B /* Build configuration list for PBXNativeTarget "UE4XcodeHelper" */;
			buildPhases = (
				4D70FD5A03D2B8A427D9633B /* Sources */,
				62D7E298C570D96C98D8B07E /* Frameworks */,
				0B5BA0DC2F4903FF3E5B8D39 /* ShellScript */,
			);
			buildRules = (
			);
			dependencies = (
			);
			name = UE4XcodeHelper;
			productName = UE4XcodeHelper;
			productReference = 44875E2521F992E1D725A985 /* libUE4XcodeHelper.a */;
			productType = "com.apple.product-type.library.static";
		};
		C6FA312102890CC8AA51E45B /* Daedalus - iOS */ = {
			isa = PBXNativeTarget;
			buildConfigurationList = 968A7772A92C735A33683690 /* Build configuration list for PBXNativeTarget "Daedalus - iOS" */;
			buildPhases = (
				F8DE437B519AB3CBE59D348D /* Sources */,
				359BD2D1A2DEC3FA1594EC74 /* Frameworks */,
				8402B3CDF5B07C932F2A0EE5 /* ShellScript */,
			);
			buildRules = (
			);
			dependencies = (
				5E8DB59B542D7A154DF37877 /* PBXTargetDependency */,
			);
			name = "Daedalus - iOS";
			productName = "Daedalus - iOS";
			productReference = F7D78761C658CCFDC9AE8FDC /* Daedalus.app */;
			productType = "com.apple.product-type.application";
		};
		E0791388261DE24DBCD33220 /* UE4CmdLineRun */ = {
			isa = PBXNativeTarget;
			buildConfigurationList = 4AB70876C6DC004E1C83CF66 /* Build configuration list for PBXNativeTarget "UE4CmdLineRun" */;
			buildPhases = (
				B6CC5875F8AEFFEB03B8A339 /* Sources */,
				5B7302EAECCFC7F5765BE4EC /* Frameworks */,
				762F92ABF8D74048BD13BC36 /* ShellScript */,
			);
			buildRules = (
			);
			dependencies = (
			);
			name = UE4CmdLineRun;
			productName = UE4CmdLineRun;
			productReference = 808D4B3297009FC056FC900B /* UE4CmdLineRun.xctest */;
			productType = "com.apple.product-type.bundle.unit-test";
		};
/* End PBXNativeTarget section */

/* Begin PBXProject section */
		42C091BCCD9B3D4604F4B6F4 /* Project object */ = {
			isa = PBXProject;
			attributes = {
				LastUpgradeCheck = 0510;
				ORGANIZATIONNAME = EpicGames;
			};
			buildConfigurationList = C493C66D9527ABB4BDECE40B /* Build configuration list for PBXProject "Daedalus" */;
			compatibilityVersion = "Xcode 3.2";
			developmentRegion = English;
			hasScannedForEncodings = 0;
			knownRegions = (
				en,
			);
			mainGroup = E8FAF6833D08B69C41AF9EFB;
			productRefGroup = 18F8EFC41C46523B2087350C /* Products */;
			projectDirPath = "";
			projectRoot = "";
			targets = (
				E0791388261DE24DBCD33220 /* UE4CmdLineRun */,
				4BE6483AF704F8090B1F070F /* Daedalus - Mac */,
				C6FA312102890CC8AA51E45B /* Daedalus - iOS */,
				7C3D1B06611B4CC68992E2C3 /* DaedalusEditor - Mac */,
				10BFB114BAA9F77D7AB69FCD /* UE4XcodeHelper */,
			);
		};
/* End PBXProject section */

/* Begin PBXShellScriptBuildPhase section */
		0B5BA0DC2F4903FF3E5B8D39 /* ShellScript */ = {
			isa = PBXShellScriptBuildPhase;
			buildActionMask = 2147483647;
			files = (
			);
			runOnlyForDeploymentPostprocessing = 0;
			shellPath = /bin/sh;
			shellScript = "if [ $DEPLOYMENT_LOCATION = \"YES\" ]\nthen\ncp -R UE4XcodeHelper/Binaries/IOS/Payload/libUE4XcodeHelper.a/ $DSTROOT/$LOCAL_APPS_DIR/libUE4XcodeHelper.a\nfi";
		};
		762F92ABF8D74048BD13BC36 /* ShellScript */ = {
			isa = PBXShellScriptBuildPhase;
			buildActionMask = 2147483647;
			files = (
			);
			runOnlyForDeploymentPostprocessing = 0;
			shellPath = /bin/sh;
			shellScript = "if [ $DEPLOYMENT_LOCATION = \"YES\" ]\nthen\ncp -R Engine/Binaries/IOS/Payload/UE4CmdLineRun.xctest/ $DSTROOT/$LOCAL_APPS_DIR/UE4CmdLineRun.xctest\nfi";
		};
		8402B3CDF5B07C932F2A0EE5 /* ShellScript */ = {
			isa = PBXShellScriptBuildPhase;
			buildActionMask = 2147483647;
			files = (
			);
			runOnlyForDeploymentPostprocessing = 0;
			shellPath = /bin/sh;
			shellScript = "if [ $DEPLOYMENT_LOCATION = \"YES\" ]\nthen\ncp -R Daedalus/Binaries/IOS/Payload/Daedalus.app/ $DSTROOT/$LOCAL_APPS_DIR/Daedalus.app\nfi";
		};
/* End PBXShellScriptBuildPhase section */

/* Begin PBXSourcesBuildPhase section */
		4D70FD5A03D2B8A427D9633B /* Sources */ = {
			isa = PBXSourcesBuildPhase;
			buildActionMask = 2147483647;
			files = (
				6A390DB9969161E8BE4F0CF4 /* Daedalus.cpp in Sources */,
				9DB3C79F76F994FE0A529084 /* TestMesh.cpp in Sources */,
				F8EE3A7C52D9DFE2A62935E1 /* DebugCharacter.cpp in Sources */,
				62FB6C873C96032511FA6EC9 /* PlayerCharacter.cpp in Sources */,
				3FA8A87A97F953207905EFD6 /* GeneratedMeshComponent.cpp in Sources */,
				27AFC5D77CBF58FB29C42D1E /* BiomeRegion.cpp in Sources */,
				D711B1FC4DEE60CF3FB6188C /* BiomeRegionManager.cpp in Sources */,
				8CA5EF6672C374DB7D05FB2D /* Chunk.cpp in Sources */,
				F065836E73C8A2F3415E76E1 /* ChunkManager.cpp in Sources */,
				E21DA3825FF65243B4288416 /* DDGameMode.cpp in Sources */,
				CD2B4BAAD044778F03B18500 /* DDGameState.cpp in Sources */,
				A5628470F317DFBC0AC94CF2 /* EventBus.cpp in Sources */,
				5A273BE58904752506AD7474 /* EventListener.cpp in Sources */,
				B9DA2287E06D554F82C141CF /* BiomeRegionData.cpp in Sources */,
				6857F8EAE30E1EA7348C407F /* BiomeRegionLoader.cpp in Sources */,
				0CEFAB5A1899CC75420A1B8D /* ChunkLoader.cpp in Sources */,
				A642C9A4EACF852E707BE498 /* Algebra2.cpp in Sources */,
				2A38DBB491B423AF6F5B2EC3 /* Algebra3.cpp in Sources */,
				7CC7A084A4947195A832482C /* Matrix4.cpp in Sources */,
				C39DBEF837505267F32005E7 /* Delaunay.cpp in Sources */,
				4D492ACE78BDC7E1AE5D618A /* DelaunayDatastructures.cpp in Sources */,
				E2DB2220F04DCA7BF3222605 /* GraphDatastructures.cpp in Sources */,
				A4D32B104BE749A39DA457B5 /* DebugMeshHelpers.cpp in Sources */,
				E0D5E37E44FE18C071C6F760 /* MarchingCubes.cpp in Sources */,
				3F7CD6CC49BA280E621CC9F1 /* Midpoint.cpp in Sources */,
				D1E06C9BBAD545796AB45E8E /* Perlin.cpp in Sources */,
			);
			runOnlyForDeploymentPostprocessing = 0;
		};
		B6CC5875F8AEFFEB03B8A339 /* Sources */ = {
			isa = PBXSourcesBuildPhase;
			buildActionMask = 2147483647;
			files = (
			);
			runOnlyForDeploymentPostprocessing = 0;
		};
		F8DE437B519AB3CBE59D348D /* Sources */ = {
			isa = PBXSourcesBuildPhase;
			buildActionMask = 2147483647;
			files = (
			);
			runOnlyForDeploymentPostprocessing = 0;
		};
/* End PBXSourcesBuildPhase section */

/* Begin PBXTargetDependency section */
		5E8DB59B542D7A154DF37877 /* PBXTargetDependency */ = {
			isa = PBXTargetDependency;
			target = 4BE6483AF704F8090B1F070F /* Daedalus - Mac */;
			targetProxy = 948FEF19E99B948C50046052 /* PBXContainerItemProxy */;
		};
/* End PBXTargetDependency section */

/* Begin XCBuildConfiguration section */
		11437468019BCE81FFBDEE40 /* Development */ = {
			isa = XCBuildConfiguration;
			buildSettings = {
				ARCHS = (
					x86_64,
					arm64,
					armv7,
					armv7s,
				);
				COMBINE_HIDPI_IMAGES = YES;
				CONFIGURATION_BUILD_DIR = Engine/Binaries/IOS/Payload;
				IPHONEOS_DEPLOYMENT_TARGET = 6.0;
				MACOSX_DEPLOYMENT_TARGET = 10.9;
				"PRODUCT_NAME[sdk=iphoneos*]" = "$(TARGET_NAME)";
				"PRODUCT_NAME[sdk=iphonesimulator*]" = "$(TARGET_NAME)-simulator";
				"PRODUCT_NAME[sdk=macosx*]" = "$(TARGET_NAME)";
				SDKROOT = macosx;
				"SDKROOT[arch=arm*]" = iphoneos;
				"SDKROOT[arch=x86_64]" = macosx;
				SUPPORTED_PLATFORMS = "macosx iphoneos iphonesimulator";
				TARGETED_DEVICE_FAMILY = "1,2";
				VALID_ARCHS = "x86_64 arm64 armv7 armv7s";
			};
			name = Development;
		};
		134B0AFECCB047DFF2C94291 /* DebugGame */ = {
			isa = XCBuildConfiguration;
			buildSettings = {
				ALWAYS_SEARCH_USER_PATHS = YES;
				CLANG_CXX_LANGUAGE_STANDARD = "c++0x";
				GCC_ENABLE_CPP_RTTI = NO;
				GCC_PREPROCESSOR_DEFINITIONS = (
					"UE_GAME=1",
					"IS_PROGRAM=0",
					"UE_ROCKET=1",
					UNICODE,
					_UNICODE,
					__UNREAL__,
					"IS_MONOLITHIC=1",
					"WITH_ENGINE=1",
					"WITH_UNREAL_DEVELOPER_TOOLS=1",
					"WITH_COREUOBJECT=1",
					"USE_STATS_WITHOUT_ENGINE=0",
					"WITH_PLUGIN_SUPPORT=0",
					"USE_LOGGING_IN_SHIPPING=0",
					"UE_BUILD_MINIMAL=1",
					"WITH_EDITOR=1",
					"WITH_EDITORONLY_DATA=1",
					"WITH_SERVER_CODE=1",
					"UBT_COMPILED_PLATFORM=Mac",
					"PLATFORM_MAC=1",
					"PLATFORM_APPLE=1",
					"WITH_TTS=0",
					"WITH_SPEECH_RECOGNITION=0",
					"WITH_DATABASE_SUPPORT=0",
					"NDEBUG=1",
					"UE_BUILD_DEVELOPMENT=1",
					"DAEDALUS_API=",
					"UE_ENABLE_ICU=1",
					"WITH_STEAMWORKS=0",
					"WITH_DIRECTXMATH=0",
					"CORE_API=",
					"COREUOBJECT_API=",
					"WITH_PHYSX=1",
					"WITH_APEX=1",
					"WITH_RECAST=1",
					"WITH_SPEEDTREE=0",
					"ENGINE_API=",
					"SLATE_API=",
					"INPUTCORE_API=",
					"MESSAGING_API=",
					"NETWORKING_API=",
					"SOCKETS_PACKAGE=1",
					"SOCKETS_API=",
					"RENDERCORE_API=",
					"RHI_API=",
					"SHADERCORE_API=",
					"ASSETREGISTRY_API=",
					"ENGINEMESSAGES_API=",
					"ENGINESETTINGS_API=",
					"SYNTHBENCHMARK_API=",
					"RENDERER_API=",
					"UE_EDITOR=1",
					"WITH_SIMPLYGON=0",
					"UNREALED_API=",
					"BSPMODE_API=",
					"DOCUMENTATION_API=",
					"PROJECTS_API=",
					"SANDBOXFILE_API=",
					"EDITORSTYLE_API=",
					"SOURCECONTROL_API=",
					"UNREALEDMESSAGES_API=",
					"USERFEEDBACK_API=",
					"COLLECTIONMANAGER_API=",
					"MONOLITHIC_BUILD=1",
				);
				GCC_WARN_CHECK_SWITCH_STATEMENTS = NO;
				HEADER_SEARCH_PATHS = "";
				ONLY_ACTIVE_ARCH = YES;
				SDKROOT = macosx;
				SUPPORTED_PLATFORMS = macosx;
				USER_HEADER_SEARCH_PATHS = "/Users/Shared/UnrealEngine/4.1/Engine/Source Source Source/Daedalus Source/Daedalus/Actors/Characters Source/Daedalus/Actors/CustomComponents Source/Daedalus/Actors/Terrain Source/Daedalus/Controllers Source/Daedalus/Controllers/EventBus Source/Daedalus/Models/Terrain Source/Daedalus/Utilities Source/Daedalus/Utilities/Graph Source/Daedalus/Utilities/Algebra Source/Daedalus/Utilities/Mesh Intermediate/Build/Mac/Daedalus/Inc/Daedalus /Users/Shared/UnrealEngine/4.1/Engine/Source/Runtime/Core/Public /Users/Shared/UnrealEngine/4.1/Engine/Source/Runtime/Core/Public/Internationalization /Users/Shared/UnrealEngine/4.1/Engine/Source/Runtime/Core/Public/Async /Users/Shared/UnrealEngine/4.1/Engine/Source/Runtime/Core/Public/Concurrency /Users/Shared/UnrealEngine/4.1/Engine/Source/Runtime/Core/Public/Containers /Users/Shared/UnrealEngine/4.1/Engine/Source/Runtime/Core/Public/GenericPlatform /Users/Shared/UnrealEngine/4.1/Engine/Source/Runtime/Core/Public/HAL /Users/Shared/UnrealEngine/4.1/Engine/Source/Runtime/Core/Public/Math /Users/Shared/UnrealEngine/4.1/Engine/Source/Runtime/Core/Public/Misc /Users/Shared/UnrealEngine/4.1/Engine/Source/Runtime/Core/Public/Modules /Users/Shared/UnrealEngine/4.1/Engine/Source/Runtime/Core/Public/Modules/Boilerplate /Users/Shared/UnrealEngine/4.1/Engine/Source/Runtime/Core/Public/ProfilingDebugging /Users/Shared/UnrealEngine/4.1/Engine/Source/Runtime/Core/Public/Serialization /Users/Shared/UnrealEngine/4.1/Engine/Source/Runtime/Core/Public/Serialization/Json /Users/Shared/UnrealEngine/4.1/Engine/Source/Runtime/Core/Public/Stats /Users/Shared/UnrealEngine/4.1/Engine/Source/Runtime/Core/Public/Templates /Users/Shared/UnrealEngine/4.1/Engine/Source/Runtime/Core/Public/UObject /Users/Shared/UnrealEngine/4.1/Engine/Source/Runtime/Core/Public/Apple /Users/Shared/UnrealEngine/4.1/Engine/Source/Runtime/Core/Public/Mac /Users/Shared/UnrealEngine/4.1/Engine/Source/Runtime/CoreUObject/Classes /Users/Shared/UnrealEngine/4.1/Engine/Intermediate/Build/Mac/Inc/CoreUObject /Users/Shared/UnrealEngine/4.1/Engine/Source/Runtime/CoreUObject/Public /Users/Shared/UnrealEngine/4.1/Engine/Source/Runtime/CoreUObject/Public/Blueprint /Users/Shared/UnrealEngine/4.1/Engine/Source/Runtime/CoreUObject/Public/Misc /Users/Shared/UnrealEngine/4.1/Engine/Source/Runtime/CoreUObject/Public/Serialization /Users/Shared/UnrealEngine/4.1/Engine/Source/Runtime/CoreUObject/Public/Templates /Users/Shared/UnrealEngine/4.1/Engine/Source/Runtime/CoreUObject/Public/UObject /Users/Shared/UnrealEngine/4.1/Engine/Source/Runtime/Engine/Classes /Users/Shared/UnrealEngine/4.1/Engine/Intermediate/Build/Mac/Inc/Engine /Users/Shared/UnrealEngine/4.1/Engine/Source/Runtime/Engine/Public /Users/Shared/UnrealEngine/4.1/Engine/Source/Runtime/Engine/Public/AI /Users/Shared/UnrealEngine/4.1/Engine/Source/Runtime/Engine/Public/Landscape /Users/Shared/UnrealEngine/4.1/Engine/Source/Runtime/Engine/Public/Net /Users/Shared/UnrealEngine/4.1/Engine/Source/Runtime/Engine/Public/Slate /Users/Shared/UnrealEngine/4.1/Engine/Source/Runtime/Slate/Classes /Users/Shared/UnrealEngine/4.1/Engine/Intermediate/Build/Mac/Inc/Slate /Users/Shared/UnrealEngine/4.1/Engine/Source/Runtime/Slate/Public /Users/Shared/UnrealEngine/4.1/Engine/Source/Runtime/Slate/Public/Docking /Users/Shared/UnrealEngine/4.1/Engine/Source/Runtime/Slate/Public/DockingFramework /Users/Shared/UnrealEngine/4.1/Engine/Source/Runtime/Slate/Public/IOS /Users/Shared/UnrealEngine/4.1/Engine/Source/Runtime/Slate/Public/MultiBox /Users/Shared/UnrealEngine/4.1/Engine/Source/Runtime/Slate/Public/TableView /Users/Shared/UnrealEngine/4.1/Engine/Source/Runtime/Slate/Public/Testing /Users/Shared/UnrealEngine/4.1/Engine/Source/Runtime/Slate/Public/Text /Users/Shared/UnrealEngine/4.1/Engine/Source/Runtime/Slate/Public/TutorialSystem /Users/Shared/UnrealEngine/4.1/Engine/Source/Runtime/InputCore/Classes /Users/Shared/UnrealEngine/4.1/Engine/Intermediate/Build/Mac/Inc/InputCore /Users/Shared/UnrealEngine/4.1/Engine/Source/Runtime/InputCore/Public /Users/Shared/UnrealEngine/4.1/Engine/Intermediate/Build/Mac/Inc/Messaging /Users/Shared/UnrealEngine/4.1/Engine/Source/Runtime/Messaging/Public /Users/Shared/UnrealEngine/4.1/Engine/Source/Runtime/Messaging/Public/Common /Users/Shared/UnrealEngine/4.1/Engine/Source/Runtime/Messaging/Public/Interfaces /Users/Shared/UnrealEngine/4.1/Engine/Intermediate/Build/Mac/Inc/Networking /Users/Shared/UnrealEngine/4.1/Engine/Source/Runtime/Networking/Public /Users/Shared/UnrealEngine/4.1/Engine/Source/Runtime/Networking/Public/Common /Users/Shared/UnrealEngine/4.1/Engine/Source/Runtime/Networking/Public/Interfaces /Users/Shared/UnrealEngine/4.1/Engine/Source/Runtime/Networking/Public/Interfaces/IPv4 /Users/Shared/UnrealEngine/4.1/Engine/Source/Runtime/Networking/Public/Interfaces/Steam /Users/Shared/UnrealEngine/4.1/Engine/Intermediate/Build/Mac/Inc/Sockets /Users/Shared/UnrealEngine/4.1/Engine/Source/Runtime/Sockets/Public /Users/Shared/UnrealEngine/4.1/Engine/Intermediate/Build/Mac/Inc/RenderCore /Users/Shared/UnrealEngine/4.1/Engine/Source/Runtime/RenderCore/Public /Users/Shared/UnrealEngine/4.1/Engine/Intermediate/Build/Mac/Inc/RHI /Users/Shared/UnrealEngine/4.1/Engine/Source/Runtime/RHI/Public /Users/Shared/UnrealEngine/4.1/Engine/Intermediate/Build/Mac/Inc/ShaderCore /Users/Shared/UnrealEngine/4.1/Engine/Source/Runtime/ShaderCore/Public /Users/Shared/UnrealEngine/4.1/Engine/Intermediate/Build/Mac/Inc/AssetRegistry /Users/Shared/UnrealEngine/4.1/Engine/Source/Runtime/AssetRegistry/Public /Users/Shared/UnrealEngine/4.1/Engine/Source/Runtime/EngineMessages/Classes /Users/Shared/UnrealEngine/4.1/Engine/Intermediate/Build/Mac/Inc/EngineMessages /Users/Shared/UnrealEngine/4.1/Engine/Source/Runtime/EngineMessages/Public /Users/Shared/UnrealEngine/4.1/Engine/Source/Runtime/EngineSettings/Classes /Users/Shared/UnrealEngine/4.1/Engine/Intermediate/Build/Mac/Inc/EngineSettings /Users/Shared/UnrealEngine/4.1/Engine/Source/Runtime/EngineSettings/Public /Users/Shared/UnrealEngine/4.1/Engine/Intermediate/Build/Mac/Inc/SynthBenchmark /Users/Shared/UnrealEngine/4.1/Engine/Source/Developer/SynthBenchmark/Public /Users/Shared/UnrealEngine/4.1/Engine/Intermediate/Build/Mac/Inc/Renderer /Users/Shared/UnrealEngine/4.1/Engine/Source/Runtime/Renderer/Public Intermediate/Build/Mac/Inc/Daedalus /Users/Shared/UnrealEngine/4.1/Engine/Source/Programs/UnrealLightmass/Public /Users/Shared/UnrealEngine/4.1/Engine/Source/Editor/UnrealEd/Classes /Users/Shared/UnrealEngine/4.1/Engine/Intermediate/Build/Mac/Inc/UnrealEd /Users/Shared/UnrealEngine/4.1/Engine/Source/Editor/UnrealEd/Public /Users/Shared/UnrealEngine/4.1/Engine/Source/Editor/UnrealEd/Public/Commandlets /Users/Shared/UnrealEngine/4.1/Engine/Source/Editor/UnrealEd/Public/Dialogs /Users/Shared/UnrealEngine/4.1/Engine/Source/Editor/UnrealEd/Public/DragAndDrop /Users/Shared/UnrealEngine/4.1/Engine/Source/Editor/UnrealEd/Public/Features /Users/Shared/UnrealEngine/4.1/Engine/Source/Editor/UnrealEd/Public/Kismet2 /Users/Shared/UnrealEngine/4.1/Engine/Source/Editor/UnrealEd/Public/Layers /Users/Shared/UnrealEngine/4.1/Engine/Source/Editor/UnrealEd/Public/Toolkits /Users/Shared/UnrealEngine/4.1/Engine/Intermediate/Build/Mac/Inc/BspMode /Users/Shared/UnrealEngine/4.1/Engine/Source/Editor/BspMode/Public /Users/Shared/UnrealEngine/4.1/Engine/Intermediate/Build/Mac/Inc/Documentation /Users/Shared/UnrealEngine/4.1/Engine/Source/Editor/Documentation/Public /Users/Shared/UnrealEngine/4.1/Engine/Intermediate/Build/Mac/Inc/Projects /Users/Shared/UnrealEngine/4.1/Engine/Source/Runtime/Projects/Public /Users/Shared/UnrealEngine/4.1/Engine/Source/Runtime/Projects/Public/Interfaces /Users/Shared/UnrealEngine/4.1/Engine/Intermediate/Build/Mac/Inc/SandboxFile /Users/Shared/UnrealEngine/4.1/Engine/Source/Runtime/SandboxFile/Public /Users/Shared/UnrealEngine/4.1/Engine/Intermediate/Build/Mac/Inc/EditorStyle /Users/Shared/UnrealEngine/4.1/Engine/Source/Editor/EditorStyle/Public /Users/Shared/UnrealEngine/4.1/Engine/Source/Editor/EditorStyle/Public/Classes /Users/Shared/UnrealEngine/4.1/Engine/Source/Editor/EditorStyle/Public/Interfaces /Users/Shared/UnrealEngine/4.1/Engine/Intermediate/Build/Mac/Inc/SourceControl /Users/Shared/UnrealEngine/4.1/Engine/Source/Developer/SourceControl/Public /Users/Shared/UnrealEngine/4.1/Engine/Source/Editor/UnrealEdMessages/Classes /Users/Shared/UnrealEngine/4.1/Engine/Intermediate/Build/Mac/Inc/UnrealEdMessages /Users/Shared/UnrealEngine/4.1/Engine/Source/Editor/UnrealEdMessages/Public /Users/Shared/UnrealEngine/4.1/Engine/Intermediate/Build/Mac/Inc/UserFeedback /Users/Shared/UnrealEngine/4.1/Engine/Source/Editor/UserFeedback/Public /Users/Shared/UnrealEngine/4.1/Engine/Intermediate/Build/Mac/Inc/CollectionManager /Users/Shared/UnrealEngine/4.1/Engine/Source/Developer/CollectionManager/Public";
			};
			name = DebugGame;
		};
		1EB96760CF2DF2BD838DBA52 /* Shipping */ = {
			isa = XCBuildConfiguration;
			buildSettings = {
				ARCHS = x86_64;
				COMBINE_HIDPI_IMAGES = YES;
				MACOSX_DEPLOYMENT_TARGET = 10.9;
				PRODUCT_NAME = "$(TARGET_NAME)";
				SDKROOT = macosx;
				VALID_ARCHS = x86_64;
			};
			name = Shipping;
		};
		20AFB0ACFD5E2FAF6EBE7CB0 /* Shipping */ = {
			isa = XCBuildConfiguration;
			buildSettings = {
				ALWAYS_SEARCH_USER_PATHS = YES;
				CLANG_CXX_LANGUAGE_STANDARD = "c++0x";
				GCC_ENABLE_CPP_RTTI = NO;
				GCC_PREPROCESSOR_DEFINITIONS = (
					"UE_GAME=1",
					"IS_PROGRAM=0",
					"UE_ROCKET=1",
					UNICODE,
					_UNICODE,
					__UNREAL__,
					"IS_MONOLITHIC=1",
					"WITH_ENGINE=1",
					"WITH_UNREAL_DEVELOPER_TOOLS=1",
					"WITH_COREUOBJECT=1",
					"USE_STATS_WITHOUT_ENGINE=0",
					"WITH_PLUGIN_SUPPORT=0",
					"USE_LOGGING_IN_SHIPPING=0",
					"UE_BUILD_MINIMAL=1",
					"WITH_EDITOR=1",
					"WITH_EDITORONLY_DATA=1",
					"WITH_SERVER_CODE=1",
					"UBT_COMPILED_PLATFORM=Mac",
					"PLATFORM_MAC=1",
					"PLATFORM_APPLE=1",
					"WITH_TTS=0",
					"WITH_SPEECH_RECOGNITION=0",
					"WITH_DATABASE_SUPPORT=0",
					"NDEBUG=1",
					"UE_BUILD_DEVELOPMENT=1",
					"DAEDALUS_API=",
					"UE_ENABLE_ICU=1",
					"WITH_STEAMWORKS=0",
					"WITH_DIRECTXMATH=0",
					"CORE_API=",
					"COREUOBJECT_API=",
					"WITH_PHYSX=1",
					"WITH_APEX=1",
					"WITH_RECAST=1",
					"WITH_SPEEDTREE=0",
					"ENGINE_API=",
					"SLATE_API=",
					"INPUTCORE_API=",
					"MESSAGING_API=",
					"NETWORKING_API=",
					"SOCKETS_PACKAGE=1",
					"SOCKETS_API=",
					"RENDERCORE_API=",
					"RHI_API=",
					"SHADERCORE_API=",
					"ASSETREGISTRY_API=",
					"ENGINEMESSAGES_API=",
					"ENGINESETTINGS_API=",
					"SYNTHBENCHMARK_API=",
					"RENDERER_API=",
					"UE_EDITOR=1",
					"WITH_SIMPLYGON=0",
					"UNREALED_API=",
					"BSPMODE_API=",
					"DOCUMENTATION_API=",
					"PROJECTS_API=",
					"SANDBOXFILE_API=",
					"EDITORSTYLE_API=",
					"SOURCECONTROL_API=",
					"UNREALEDMESSAGES_API=",
					"USERFEEDBACK_API=",
					"COLLECTIONMANAGER_API=",
					"MONOLITHIC_BUILD=1",
				);
				GCC_WARN_CHECK_SWITCH_STATEMENTS = NO;
				HEADER_SEARCH_PATHS = "";
				ONLY_ACTIVE_ARCH = YES;
				SDKROOT = macosx;
				SUPPORTED_PLATFORMS = macosx;
				USER_HEADER_SEARCH_PATHS = "/Users/Shared/UnrealEngine/4.1/Engine/Source Source Source/Daedalus Source/Daedalus/Actors/Characters Source/Daedalus/Actors/CustomComponents Source/Daedalus/Actors/Terrain Source/Daedalus/Controllers Source/Daedalus/Controllers/EventBus Source/Daedalus/Models/Terrain Source/Daedalus/Utilities Source/Daedalus/Utilities/Graph Source/Daedalus/Utilities/Algebra Source/Daedalus/Utilities/Mesh Intermediate/Build/Mac/Daedalus/Inc/Daedalus /Users/Shared/UnrealEngine/4.1/Engine/Source/Runtime/Core/Public /Users/Shared/UnrealEngine/4.1/Engine/Source/Runtime/Core/Public/Internationalization /Users/Shared/UnrealEngine/4.1/Engine/Source/Runtime/Core/Public/Async /Users/Shared/UnrealEngine/4.1/Engine/Source/Runtime/Core/Public/Concurrency /Users/Shared/UnrealEngine/4.1/Engine/Source/Runtime/Core/Public/Containers /Users/Shared/UnrealEngine/4.1/Engine/Source/Runtime/Core/Public/GenericPlatform /Users/Shared/UnrealEngine/4.1/Engine/Source/Runtime/Core/Public/HAL /Users/Shared/UnrealEngine/4.1/Engine/Source/Runtime/Core/Public/Math /Users/Shared/UnrealEngine/4.1/Engine/Source/Runtime/Core/Public/Misc /Users/Shared/UnrealEngine/4.1/Engine/Source/Runtime/Core/Public/Modules /Users/Shared/UnrealEngine/4.1/Engine/Source/Runtime/Core/Public/Modules/Boilerplate /Users/Shared/UnrealEngine/4.1/Engine/Source/Runtime/Core/Public/ProfilingDebugging /Users/Shared/UnrealEngine/4.1/Engine/Source/Runtime/Core/Public/Serialization /Users/Shared/UnrealEngine/4.1/Engine/Source/Runtime/Core/Public/Serialization/Json /Users/Shared/UnrealEngine/4.1/Engine/Source/Runtime/Core/Public/Stats /Users/Shared/UnrealEngine/4.1/Engine/Source/Runtime/Core/Public/Templates /Users/Shared/UnrealEngine/4.1/Engine/Source/Runtime/Core/Public/UObject /Users/Shared/UnrealEngine/4.1/Engine/Source/Runtime/Core/Public/Apple /Users/Shared/UnrealEngine/4.1/Engine/Source/Runtime/Core/Public/Mac /Users/Shared/UnrealEngine/4.1/Engine/Source/Runtime/CoreUObject/Classes /Users/Shared/UnrealEngine/4.1/Engine/Intermediate/Build/Mac/Inc/CoreUObject /Users/Shared/UnrealEngine/4.1/Engine/Source/Runtime/CoreUObject/Public /Users/Shared/UnrealEngine/4.1/Engine/Source/Runtime/CoreUObject/Public/Blueprint /Users/Shared/UnrealEngine/4.1/Engine/Source/Runtime/CoreUObject/Public/Misc /Users/Shared/UnrealEngine/4.1/Engine/Source/Runtime/CoreUObject/Public/Serialization /Users/Shared/UnrealEngine/4.1/Engine/Source/Runtime/CoreUObject/Public/Templates /Users/Shared/UnrealEngine/4.1/Engine/Source/Runtime/CoreUObject/Public/UObject /Users/Shared/UnrealEngine/4.1/Engine/Source/Runtime/Engine/Classes /Users/Shared/UnrealEngine/4.1/Engine/Intermediate/Build/Mac/Inc/Engine /Users/Shared/UnrealEngine/4.1/Engine/Source/Runtime/Engine/Public /Users/Shared/UnrealEngine/4.1/Engine/Source/Runtime/Engine/Public/AI /Users/Shared/UnrealEngine/4.1/Engine/Source/Runtime/Engine/Public/Landscape /Users/Shared/UnrealEngine/4.1/Engine/Source/Runtime/Engine/Public/Net /Users/Shared/UnrealEngine/4.1/Engine/Source/Runtime/Engine/Public/Slate /Users/Shared/UnrealEngine/4.1/Engine/Source/Runtime/Slate/Classes /Users/Shared/UnrealEngine/4.1/Engine/Intermediate/Build/Mac/Inc/Slate /Users/Shared/UnrealEngine/4.1/Engine/Source/Runtime/Slate/Public /Users/Shared/UnrealEngine/4.1/Engine/Source/Runtime/Slate/Public/Docking /Users/Shared/UnrealEngine/4.1/Engine/Source/Runtime/Slate/Public/DockingFramework /Users/Shared/UnrealEngine/4.1/Engine/Source/Runtime/Slate/Public/IOS /Users/Shared/UnrealEngine/4.1/Engine/Source/Runtime/Slate/Public/MultiBox /Users/Shared/UnrealEngine/4.1/Engine/Source/Runtime/Slate/Public/TableView /Users/Shared/UnrealEngine/4.1/Engine/Source/Runtime/Slate/Public/Testing /Users/Shared/UnrealEngine/4.1/Engine/Source/Runtime/Slate/Public/Text /Users/Shared/UnrealEngine/4.1/Engine/Source/Runtime/Slate/Public/TutorialSystem /Users/Shared/UnrealEngine/4.1/Engine/Source/Runtime/InputCore/Classes /Users/Shared/UnrealEngine/4.1/Engine/Intermediate/Build/Mac/Inc/InputCore /Users/Shared/UnrealEngine/4.1/Engine/Source/Runtime/InputCore/Public /Users/Shared/UnrealEngine/4.1/Engine/Intermediate/Build/Mac/Inc/Messaging /Users/Shared/UnrealEngine/4.1/Engine/Source/Runtime/Messaging/Public /Users/Shared/UnrealEngine/4.1/Engine/Source/Runtime/Messaging/Public/Common /Users/Shared/UnrealEngine/4.1/Engine/Source/Runtime/Messaging/Public/Interfaces /Users/Shared/UnrealEngine/4.1/Engine/Intermediate/Build/Mac/Inc/Networking /Users/Shared/UnrealEngine/4.1/Engine/Source/Runtime/Networking/Public /Users/Shared/UnrealEngine/4.1/Engine/Source/Runtime/Networking/Public/Common /Users/Shared/UnrealEngine/4.1/Engine/Source/Runtime/Networking/Public/Interfaces /Users/Shared/UnrealEngine/4.1/Engine/Source/Runtime/Networking/Public/Interfaces/IPv4 /Users/Shared/UnrealEngine/4.1/Engine/Source/Runtime/Networking/Public/Interfaces/Steam /Users/Shared/UnrealEngine/4.1/Engine/Intermediate/Build/Mac/Inc/Sockets /Users/Shared/UnrealEngine/4.1/Engine/Source/Runtime/Sockets/Public /Users/Shared/UnrealEngine/4.1/Engine/Intermediate/Build/Mac/Inc/RenderCore /Users/Shared/UnrealEngine/4.1/Engine/Source/Runtime/RenderCore/Public /Users/Shared/UnrealEngine/4.1/Engine/Intermediate/Build/Mac/Inc/RHI /Users/Shared/UnrealEngine/4.1/Engine/Source/Runtime/RHI/Public /Users/Shared/UnrealEngine/4.1/Engine/Intermediate/Build/Mac/Inc/ShaderCore /Users/Shared/UnrealEngine/4.1/Engine/Source/Runtime/ShaderCore/Public /Users/Shared/UnrealEngine/4.1/Engine/Intermediate/Build/Mac/Inc/AssetRegistry /Users/Shared/UnrealEngine/4.1/Engine/Source/Runtime/AssetRegistry/Public /Users/Shared/UnrealEngine/4.1/Engine/Source/Runtime/EngineMessages/Classes /Users/Shared/UnrealEngine/4.1/Engine/Intermediate/Build/Mac/Inc/EngineMessages /Users/Shared/UnrealEngine/4.1/Engine/Source/Runtime/EngineMessages/Public /Users/Shared/UnrealEngine/4.1/Engine/Source/Runtime/EngineSettings/Classes /Users/Shared/UnrealEngine/4.1/Engine/Intermediate/Build/Mac/Inc/EngineSettings /Users/Shared/UnrealEngine/4.1/Engine/Source/Runtime/EngineSettings/Public /Users/Shared/UnrealEngine/4.1/Engine/Intermediate/Build/Mac/Inc/SynthBenchmark /Users/Shared/UnrealEngine/4.1/Engine/Source/Developer/SynthBenchmark/Public /Users/Shared/UnrealEngine/4.1/Engine/Intermediate/Build/Mac/Inc/Renderer /Users/Shared/UnrealEngine/4.1/Engine/Source/Runtime/Renderer/Public Intermediate/Build/Mac/Inc/Daedalus /Users/Shared/UnrealEngine/4.1/Engine/Source/Programs/UnrealLightmass/Public /Users/Shared/UnrealEngine/4.1/Engine/Source/Editor/UnrealEd/Classes /Users/Shared/UnrealEngine/4.1/Engine/Intermediate/Build/Mac/Inc/UnrealEd /Users/Shared/UnrealEngine/4.1/Engine/Source/Editor/UnrealEd/Public /Users/Shared/UnrealEngine/4.1/Engine/Source/Editor/UnrealEd/Public/Commandlets /Users/Shared/UnrealEngine/4.1/Engine/Source/Editor/UnrealEd/Public/Dialogs /Users/Shared/UnrealEngine/4.1/Engine/Source/Editor/UnrealEd/Public/DragAndDrop /Users/Shared/UnrealEngine/4.1/Engine/Source/Editor/UnrealEd/Public/Features /Users/Shared/UnrealEngine/4.1/Engine/Source/Editor/UnrealEd/Public/Kismet2 /Users/Shared/UnrealEngine/4.1/Engine/Source/Editor/UnrealEd/Public/Layers /Users/Shared/UnrealEngine/4.1/Engine/Source/Editor/UnrealEd/Public/Toolkits /Users/Shared/UnrealEngine/4.1/Engine/Intermediate/Build/Mac/Inc/BspMode /Users/Shared/UnrealEngine/4.1/Engine/Source/Editor/BspMode/Public /Users/Shared/UnrealEngine/4.1/Engine/Intermediate/Build/Mac/Inc/Documentation /Users/Shared/UnrealEngine/4.1/Engine/Source/Editor/Documentation/Public /Users/Shared/UnrealEngine/4.1/Engine/Intermediate/Build/Mac/Inc/Projects /Users/Shared/UnrealEngine/4.1/Engine/Source/Runtime/Projects/Public /Users/Shared/UnrealEngine/4.1/Engine/Source/Runtime/Projects/Public/Interfaces /Users/Shared/UnrealEngine/4.1/Engine/Intermediate/Build/Mac/Inc/SandboxFile /Users/Shared/UnrealEngine/4.1/Engine/Source/Runtime/SandboxFile/Public /Users/Shared/UnrealEngine/4.1/Engine/Intermediate/Build/Mac/Inc/EditorStyle /Users/Shared/UnrealEngine/4.1/Engine/Source/Editor/EditorStyle/Public /Users/Shared/UnrealEngine/4.1/Engine/Source/Editor/EditorStyle/Public/Classes /Users/Shared/UnrealEngine/4.1/Engine/Source/Editor/EditorStyle/Public/Interfaces /Users/Shared/UnrealEngine/4.1/Engine/Intermediate/Build/Mac/Inc/SourceControl /Users/Shared/UnrealEngine/4.1/Engine/Source/Developer/SourceControl/Public /Users/Shared/UnrealEngine/4.1/Engine/Source/Editor/UnrealEdMessages/Classes /Users/Shared/UnrealEngine/4.1/Engine/Intermediate/Build/Mac/Inc/UnrealEdMessages /Users/Shared/UnrealEngine/4.1/Engine/Source/Editor/UnrealEdMessages/Public /Users/Shared/UnrealEngine/4.1/Engine/Intermediate/Build/Mac/Inc/UserFeedback /Users/Shared/UnrealEngine/4.1/Engine/Source/Editor/UserFeedback/Public /Users/Shared/UnrealEngine/4.1/Engine/Intermediate/Build/Mac/Inc/CollectionManager /Users/Shared/UnrealEngine/4.1/Engine/Source/Developer/CollectionManager/Public";
			};
			name = Shipping;
		};
		3C077CF9860BF737D22342C6 /* Development */ = {
			isa = XCBuildConfiguration;
			buildSettings = {
				"CODE_SIGN_IDENTITY[sdk=iphoneos*]" = "iPhone Developer";
				CODE_SIGN_RESOURCE_RULES_PATH = /Users/Shared/UnrealEngine/4.1/Engine/Build/iOS/XcodeSupportFiles/CustomResourceRules.plist;
				CONFIGURATION_BUILD_DIR = /Users/tlei/Files/Repositories/Daedalus/Binaries/IOS/Payload;
				INFOPLIST_FILE = "/Users/tlei/Files/Repositories/Daedalus/Intermediate/IOS/Daedalus-Info.plist";
				INFOPLIST_OUTPUT_FORMAT = xml;
				IPHONEOS_DEPLOYMENT_TARGET = 6.0;
				OBJROOT = /Users/tlei/Files/Repositories/Daedalus/Intermediate/IOS/build;
				"PRODUCT_NAME[sdk=iphoneos*]" = Daedalus;
				"PRODUCT_NAME[sdk=iphonesimulator*]" = "Daedalus-simulator";
				"PROVISIONING_PROFILE[sdk=iphoneos*]" = "";
				SDKROOT = iphoneos;
				SUPPORTED_PLATFORMS = "iphoneos iphonesimulator";
				SYMROOT = /Users/tlei/Files/Repositories/Daedalus/Binaries/IOS;
				TARGETED_DEVICE_FAMILY = "1,2";
			};
			name = Development;
		};
		50167989F6123F5B5FE47DC7 /* DebugGame */ = {
			isa = XCBuildConfiguration;
			buildSettings = {
				ARCHS = (
					x86_64,
					arm64,
					armv7,
					armv7s,
				);
				COMBINE_HIDPI_IMAGES = YES;
				CONFIGURATION_BUILD_DIR = Engine/Binaries/IOS/Payload;
				IPHONEOS_DEPLOYMENT_TARGET = 6.0;
				MACOSX_DEPLOYMENT_TARGET = 10.9;
				"PRODUCT_NAME[sdk=iphoneos*]" = "$(TARGET_NAME)";
				"PRODUCT_NAME[sdk=iphonesimulator*]" = "$(TARGET_NAME)-simulator";
				"PRODUCT_NAME[sdk=macosx*]" = "$(TARGET_NAME)";
				SDKROOT = macosx;
				"SDKROOT[arch=arm*]" = iphoneos;
				"SDKROOT[arch=x86_64]" = macosx;
				SUPPORTED_PLATFORMS = "macosx iphoneos iphonesimulator";
				TARGETED_DEVICE_FAMILY = "1,2";
				VALID_ARCHS = "x86_64 arm64 armv7 armv7s";
			};
			name = DebugGame;
		};
		68916B4241B4AEF995BEF171 /* DebugGame */ = {
			isa = XCBuildConfiguration;
			buildSettings = {
				ARCHS = x86_64;
				COMBINE_HIDPI_IMAGES = YES;
				MACOSX_DEPLOYMENT_TARGET = 10.9;
				PRODUCT_NAME = "$(TARGET_NAME)";
				SDKROOT = macosx;
				VALID_ARCHS = x86_64;
			};
			name = DebugGame;
		};
		69A824385F771821966F0169 /* DebugGame */ = {
			isa = XCBuildConfiguration;
			buildSettings = {
				ALWAYS_SEARCH_USER_PATHS = NO;
				BUNDLE_LOADER = Binaries/IOS/Payload/UE4CmdLineRun.app/UE4CmdLineRun;
				CLANG_CXX_LANGUAGE_STANDARD = "gnu++0x";
				CLANG_CXX_LIBRARY = "libc++";
				CLANG_ENABLE_MODULES = YES;
				CLANG_ENABLE_OBJC_ARC = YES;
				CODE_SIGN_IDENTITY = "iPhone Developer";
				CODE_SIGN_RESOURCE_RULES_PATH = /Users/Shared/UnrealEngine/4.1/Engine/Build/iOS/XcodeSupportFiles/CustomResourceRules.plist;
				CONFIGURATION_BUILD_DIR = Binaries/IOS/Payload;
				COPY_PHASE_STRIP = NO;
				DYNAMIC_NO_PIC = NO;
				FRAMEWORK_SEARCH_PATHS = (
					"$(SDKROOT)/Developer/Library/Frameworks",
					"$(inherited)",
					"$(DEVELOPER_FRAMEWORKS_DIR)",
				);
				GCC_C_LANGUAGE_STANDARD = gnu99;
				GCC_PRECOMPILE_PREFIX_HEADER = NO;
				GCC_PREPROCESSOR_DEFINITIONS = (
					"DEBUG=1",
					"$(inherited)",
				);
				GCC_SYMBOLS_PRIVATE_EXTERN = NO;
				INFOPLIST_FILE = "/Users/Shared/UnrealEngine/4.1/Engine/Build/IOS/UE4CmdLineRun/UE4CmdLineRun-Info.plist";
				IPHONEOS_DEPLOYMENT_TARGET = 7.0;
				OBJROOT = Intermediate/IOS/build;
				ONLY_ACTIVE_ARCH = YES;
				OPTIMIZATION_LEVEL = 0;
				PRODUCT_NAME = "$(TARGET_NAME)";
				SDKROOT = iphoneos;
				SUPPORTED_PLATFORMS = "iphoneos iphonesimulator";
				SYMROOT = Binaries/IOS;
				TEST_HOST = "$(BUNDLE_LOADER)";
				WRAPPER_EXTENSION = xctest;
			};
			name = DebugGame;
		};
		70805CAF07BED8749C5323C0 /* DebugGame */ = {
			isa = XCBuildConfiguration;
			buildSettings = {
				ARCHS = (
					x86_64,
					arm64,
					armv7,
					armv7s,
				);
				COMBINE_HIDPI_IMAGES = YES;
				CONFIGURATION_BUILD_DIR = Engine/Binaries/IOS/Payload;
				IPHONEOS_DEPLOYMENT_TARGET = 6.0;
				MACOSX_DEPLOYMENT_TARGET = 10.9;
				"PRODUCT_NAME[sdk=iphoneos*]" = "$(TARGET_NAME)";
				"PRODUCT_NAME[sdk=iphonesimulator*]" = "$(TARGET_NAME)-simulator";
				"PRODUCT_NAME[sdk=macosx*]" = "$(TARGET_NAME)";
				SDKROOT = macosx;
				"SDKROOT[arch=arm*]" = iphoneos;
				"SDKROOT[arch=x86_64]" = macosx;
				SUPPORTED_PLATFORMS = "macosx iphoneos iphonesimulator";
				TARGETED_DEVICE_FAMILY = "1,2";
				VALID_ARCHS = "x86_64 arm64 armv7 armv7s";
			};
			name = DebugGame;
		};
		8AEA479C385A8A203AEC25A1 /* Shipping */ = {
			isa = XCBuildConfiguration;
			buildSettings = {
				ARCHS = (
					x86_64,
					arm64,
					armv7,
					armv7s,
				);
				COMBINE_HIDPI_IMAGES = YES;
				CONFIGURATION_BUILD_DIR = Engine/Binaries/IOS/Payload;
				IPHONEOS_DEPLOYMENT_TARGET = 6.0;
				MACOSX_DEPLOYMENT_TARGET = 10.9;
				"PRODUCT_NAME[sdk=iphoneos*]" = "$(TARGET_NAME)";
				"PRODUCT_NAME[sdk=iphonesimulator*]" = "$(TARGET_NAME)-simulator";
				"PRODUCT_NAME[sdk=macosx*]" = "$(TARGET_NAME)";
				SDKROOT = macosx;
				"SDKROOT[arch=arm*]" = iphoneos;
				"SDKROOT[arch=x86_64]" = macosx;
				SUPPORTED_PLATFORMS = "macosx iphoneos iphonesimulator";
				TARGETED_DEVICE_FAMILY = "1,2";
				VALID_ARCHS = "x86_64 arm64 armv7 armv7s";
			};
			name = Shipping;
		};
		8FB91BCCC2267902894F1A28 /* DebugGame */ = {
			isa = XCBuildConfiguration;
			buildSettings = {
				"CODE_SIGN_IDENTITY[sdk=iphoneos*]" = "iPhone Developer";
				CODE_SIGN_RESOURCE_RULES_PATH = /Users/Shared/UnrealEngine/4.1/Engine/Build/iOS/XcodeSupportFiles/CustomResourceRules.plist;
				CONFIGURATION_BUILD_DIR = /Users/tlei/Files/Repositories/Daedalus/Binaries/IOS/Payload;
				INFOPLIST_FILE = "/Users/tlei/Files/Repositories/Daedalus/Intermediate/IOS/Daedalus-Info.plist";
				INFOPLIST_OUTPUT_FORMAT = xml;
				IPHONEOS_DEPLOYMENT_TARGET = 6.0;
				OBJROOT = /Users/tlei/Files/Repositories/Daedalus/Intermediate/IOS/build;
				"PRODUCT_NAME[sdk=iphoneos*]" = Daedalus;
				"PRODUCT_NAME[sdk=iphonesimulator*]" = "Daedalus-simulator";
				"PROVISIONING_PROFILE[sdk=iphoneos*]" = "";
				SDKROOT = iphoneos;
				SUPPORTED_PLATFORMS = "iphoneos iphonesimulator";
				SYMROOT = /Users/tlei/Files/Repositories/Daedalus/Binaries/IOS;
				TARGETED_DEVICE_FAMILY = "1,2";
			};
			name = DebugGame;
		};
		96F69C1E9C19F31639E95655 /* Shipping */ = {
			isa = XCBuildConfiguration;
			buildSettings = {
				ALWAYS_SEARCH_USER_PATHS = NO;
				BUNDLE_LOADER = Binaries/IOS/Payload/UE4CmdLineRun.app/UE4CmdLineRun;
				CLANG_CXX_LANGUAGE_STANDARD = "gnu++0x";
				CLANG_CXX_LIBRARY = "libc++";
				CLANG_ENABLE_MODULES = YES;
				CLANG_ENABLE_OBJC_ARC = YES;
				CODE_SIGN_IDENTITY = "iPhone Developer";
				CODE_SIGN_RESOURCE_RULES_PATH = /Users/Shared/UnrealEngine/4.1/Engine/Build/iOS/XcodeSupportFiles/CustomResourceRules.plist;
				CONFIGURATION_BUILD_DIR = Binaries/IOS/Payload;
				COPY_PHASE_STRIP = NO;
				DYNAMIC_NO_PIC = NO;
				FRAMEWORK_SEARCH_PATHS = (
					"$(SDKROOT)/Developer/Library/Frameworks",
					"$(inherited)",
					"$(DEVELOPER_FRAMEWORKS_DIR)",
				);
				GCC_C_LANGUAGE_STANDARD = gnu99;
				GCC_PRECOMPILE_PREFIX_HEADER = NO;
				GCC_PREPROCESSOR_DEFINITIONS = (
					"DEBUG=1",
					"$(inherited)",
				);
				GCC_SYMBOLS_PRIVATE_EXTERN = NO;
				INFOPLIST_FILE = "/Users/Shared/UnrealEngine/4.1/Engine/Build/IOS/UE4CmdLineRun/UE4CmdLineRun-Info.plist";
				IPHONEOS_DEPLOYMENT_TARGET = 7.0;
				OBJROOT = Intermediate/IOS/build;
				ONLY_ACTIVE_ARCH = YES;
				OPTIMIZATION_LEVEL = 0;
				PRODUCT_NAME = "$(TARGET_NAME)";
				SDKROOT = iphoneos;
				SUPPORTED_PLATFORMS = "iphoneos iphonesimulator";
				SYMROOT = Binaries/IOS;
				TEST_HOST = "$(BUNDLE_LOADER)";
				WRAPPER_EXTENSION = xctest;
			};
			name = Shipping;
		};
		A97C684D2E97456CFD1FCCE2 /* Shipping */ = {
			isa = XCBuildConfiguration;
			buildSettings = {
				ARCHS = (
					x86_64,
					arm64,
					armv7,
					armv7s,
				);
				COMBINE_HIDPI_IMAGES = YES;
				CONFIGURATION_BUILD_DIR = Engine/Binaries/IOS/Payload;
				IPHONEOS_DEPLOYMENT_TARGET = 6.0;
				MACOSX_DEPLOYMENT_TARGET = 10.9;
				"PRODUCT_NAME[sdk=iphoneos*]" = "$(TARGET_NAME)";
				"PRODUCT_NAME[sdk=iphonesimulator*]" = "$(TARGET_NAME)-simulator";
				"PRODUCT_NAME[sdk=macosx*]" = "$(TARGET_NAME)";
				SDKROOT = macosx;
				"SDKROOT[arch=arm*]" = iphoneos;
				"SDKROOT[arch=x86_64]" = macosx;
				SUPPORTED_PLATFORMS = "macosx iphoneos iphonesimulator";
				TARGETED_DEVICE_FAMILY = "1,2";
				VALID_ARCHS = "x86_64 arm64 armv7 armv7s";
			};
			name = Shipping;
		};
		B95E02BA40CE0E124A5BEB52 /* Development */ = {
			isa = XCBuildConfiguration;
			buildSettings = {
				ARCHS = (
					x86_64,
					arm64,
					armv7,
					armv7s,
				);
				COMBINE_HIDPI_IMAGES = YES;
				CONFIGURATION_BUILD_DIR = Engine/Binaries/IOS/Payload;
				IPHONEOS_DEPLOYMENT_TARGET = 6.0;
				MACOSX_DEPLOYMENT_TARGET = 10.9;
				"PRODUCT_NAME[sdk=iphoneos*]" = "$(TARGET_NAME)";
				"PRODUCT_NAME[sdk=iphonesimulator*]" = "$(TARGET_NAME)-simulator";
				"PRODUCT_NAME[sdk=macosx*]" = "$(TARGET_NAME)";
				SDKROOT = macosx;
				"SDKROOT[arch=arm*]" = iphoneos;
				"SDKROOT[arch=x86_64]" = macosx;
				SUPPORTED_PLATFORMS = "macosx iphoneos iphonesimulator";
				TARGETED_DEVICE_FAMILY = "1,2";
				VALID_ARCHS = "x86_64 arm64 armv7 armv7s";
			};
			name = Development;
		};
		C912E2FCEC68631228C8FE7F /* Shipping */ = {
			isa = XCBuildConfiguration;
			buildSettings = {
				"CODE_SIGN_IDENTITY[sdk=iphoneos*]" = "iPhone Developer";
				CODE_SIGN_RESOURCE_RULES_PATH = /Users/Shared/UnrealEngine/4.1/Engine/Build/iOS/XcodeSupportFiles/CustomResourceRules.plist;
				CONFIGURATION_BUILD_DIR = /Users/tlei/Files/Repositories/Daedalus/Binaries/IOS/Payload;
				INFOPLIST_FILE = "/Users/tlei/Files/Repositories/Daedalus/Intermediate/IOS/Daedalus-Info.plist";
				INFOPLIST_OUTPUT_FORMAT = xml;
				IPHONEOS_DEPLOYMENT_TARGET = 6.0;
				OBJROOT = /Users/tlei/Files/Repositories/Daedalus/Intermediate/IOS/build;
				"PRODUCT_NAME[sdk=iphoneos*]" = Daedalus;
				"PRODUCT_NAME[sdk=iphonesimulator*]" = "Daedalus-simulator";
				"PROVISIONING_PROFILE[sdk=iphoneos*]" = "";
				SDKROOT = iphoneos;
				SUPPORTED_PLATFORMS = "iphoneos iphonesimulator";
				SYMROOT = /Users/tlei/Files/Repositories/Daedalus/Binaries/IOS;
				TARGETED_DEVICE_FAMILY = "1,2";
			};
			name = Shipping;
		};
		D839D69DF6E41888206558A6 /* Development */ = {
			isa = XCBuildConfiguration;
			buildSettings = {
				ALWAYS_SEARCH_USER_PATHS = YES;
				CLANG_CXX_LANGUAGE_STANDARD = "c++0x";
				GCC_ENABLE_CPP_RTTI = NO;
				GCC_PREPROCESSOR_DEFINITIONS = (
					"UE_GAME=1",
					"IS_PROGRAM=0",
					"UE_ROCKET=1",
					UNICODE,
					_UNICODE,
					__UNREAL__,
					"IS_MONOLITHIC=1",
					"WITH_ENGINE=1",
					"WITH_UNREAL_DEVELOPER_TOOLS=1",
					"WITH_COREUOBJECT=1",
					"USE_STATS_WITHOUT_ENGINE=0",
					"WITH_PLUGIN_SUPPORT=0",
					"USE_LOGGING_IN_SHIPPING=0",
					"UE_BUILD_MINIMAL=1",
					"WITH_EDITOR=1",
					"WITH_EDITORONLY_DATA=1",
					"WITH_SERVER_CODE=1",
					"UBT_COMPILED_PLATFORM=Mac",
					"PLATFORM_MAC=1",
					"PLATFORM_APPLE=1",
					"WITH_TTS=0",
					"WITH_SPEECH_RECOGNITION=0",
					"WITH_DATABASE_SUPPORT=0",
					"NDEBUG=1",
					"UE_BUILD_DEVELOPMENT=1",
					"DAEDALUS_API=",
					"UE_ENABLE_ICU=1",
					"WITH_STEAMWORKS=0",
					"WITH_DIRECTXMATH=0",
					"CORE_API=",
					"COREUOBJECT_API=",
					"WITH_PHYSX=1",
					"WITH_APEX=1",
					"WITH_RECAST=1",
					"WITH_SPEEDTREE=0",
					"ENGINE_API=",
					"SLATE_API=",
					"INPUTCORE_API=",
					"MESSAGING_API=",
					"NETWORKING_API=",
					"SOCKETS_PACKAGE=1",
					"SOCKETS_API=",
					"RENDERCORE_API=",
					"RHI_API=",
					"SHADERCORE_API=",
					"ASSETREGISTRY_API=",
					"ENGINEMESSAGES_API=",
					"ENGINESETTINGS_API=",
					"SYNTHBENCHMARK_API=",
					"RENDERER_API=",
					"UE_EDITOR=1",
					"WITH_SIMPLYGON=0",
					"UNREALED_API=",
					"BSPMODE_API=",
					"DOCUMENTATION_API=",
					"PROJECTS_API=",
					"SANDBOXFILE_API=",
					"EDITORSTYLE_API=",
					"SOURCECONTROL_API=",
					"UNREALEDMESSAGES_API=",
					"USERFEEDBACK_API=",
					"COLLECTIONMANAGER_API=",
					"MONOLITHIC_BUILD=1",
				);
				GCC_WARN_CHECK_SWITCH_STATEMENTS = NO;
				HEADER_SEARCH_PATHS = "";
				ONLY_ACTIVE_ARCH = YES;
				SDKROOT = macosx;
				SUPPORTED_PLATFORMS = macosx;
				USER_HEADER_SEARCH_PATHS = "/Users/Shared/UnrealEngine/4.1/Engine/Source Source Source/Daedalus Source/Daedalus/Actors/Characters Source/Daedalus/Actors/CustomComponents Source/Daedalus/Actors/Terrain Source/Daedalus/Controllers Source/Daedalus/Controllers/EventBus Source/Daedalus/Models/Terrain Source/Daedalus/Utilities Source/Daedalus/Utilities/Graph Source/Daedalus/Utilities/Algebra Source/Daedalus/Utilities/Mesh Intermediate/Build/Mac/Daedalus/Inc/Daedalus /Users/Shared/UnrealEngine/4.1/Engine/Source/Runtime/Core/Public /Users/Shared/UnrealEngine/4.1/Engine/Source/Runtime/Core/Public/Internationalization /Users/Shared/UnrealEngine/4.1/Engine/Source/Runtime/Core/Public/Async /Users/Shared/UnrealEngine/4.1/Engine/Source/Runtime/Core/Public/Concurrency /Users/Shared/UnrealEngine/4.1/Engine/Source/Runtime/Core/Public/Containers /Users/Shared/UnrealEngine/4.1/Engine/Source/Runtime/Core/Public/GenericPlatform /Users/Shared/UnrealEngine/4.1/Engine/Source/Runtime/Core/Public/HAL /Users/Shared/UnrealEngine/4.1/Engine/Source/Runtime/Core/Public/Math /Users/Shared/UnrealEngine/4.1/Engine/Source/Runtime/Core/Public/Misc /Users/Shared/UnrealEngine/4.1/Engine/Source/Runtime/Core/Public/Modules /Users/Shared/UnrealEngine/4.1/Engine/Source/Runtime/Core/Public/Modules/Boilerplate /Users/Shared/UnrealEngine/4.1/Engine/Source/Runtime/Core/Public/ProfilingDebugging /Users/Shared/UnrealEngine/4.1/Engine/Source/Runtime/Core/Public/Serialization /Users/Shared/UnrealEngine/4.1/Engine/Source/Runtime/Core/Public/Serialization/Json /Users/Shared/UnrealEngine/4.1/Engine/Source/Runtime/Core/Public/Stats /Users/Shared/UnrealEngine/4.1/Engine/Source/Runtime/Core/Public/Templates /Users/Shared/UnrealEngine/4.1/Engine/Source/Runtime/Core/Public/UObject /Users/Shared/UnrealEngine/4.1/Engine/Source/Runtime/Core/Public/Apple /Users/Shared/UnrealEngine/4.1/Engine/Source/Runtime/Core/Public/Mac /Users/Shared/UnrealEngine/4.1/Engine/Source/Runtime/CoreUObject/Classes /Users/Shared/UnrealEngine/4.1/Engine/Intermediate/Build/Mac/Inc/CoreUObject /Users/Shared/UnrealEngine/4.1/Engine/Source/Runtime/CoreUObject/Public /Users/Shared/UnrealEngine/4.1/Engine/Source/Runtime/CoreUObject/Public/Blueprint /Users/Shared/UnrealEngine/4.1/Engine/Source/Runtime/CoreUObject/Public/Misc /Users/Shared/UnrealEngine/4.1/Engine/Source/Runtime/CoreUObject/Public/Serialization /Users/Shared/UnrealEngine/4.1/Engine/Source/Runtime/CoreUObject/Public/Templates /Users/Shared/UnrealEngine/4.1/Engine/Source/Runtime/CoreUObject/Public/UObject /Users/Shared/UnrealEngine/4.1/Engine/Source/Runtime/Engine/Classes /Users/Shared/UnrealEngine/4.1/Engine/Intermediate/Build/Mac/Inc/Engine /Users/Shared/UnrealEngine/4.1/Engine/Source/Runtime/Engine/Public /Users/Shared/UnrealEngine/4.1/Engine/Source/Runtime/Engine/Public/AI /Users/Shared/UnrealEngine/4.1/Engine/Source/Runtime/Engine/Public/Landscape /Users/Shared/UnrealEngine/4.1/Engine/Source/Runtime/Engine/Public/Net /Users/Shared/UnrealEngine/4.1/Engine/Source/Runtime/Engine/Public/Slate /Users/Shared/UnrealEngine/4.1/Engine/Source/Runtime/Slate/Classes /Users/Shared/UnrealEngine/4.1/Engine/Intermediate/Build/Mac/Inc/Slate /Users/Shared/UnrealEngine/4.1/Engine/Source/Runtime/Slate/Public /Users/Shared/UnrealEngine/4.1/Engine/Source/Runtime/Slate/Public/Docking /Users/Shared/UnrealEngine/4.1/Engine/Source/Runtime/Slate/Public/DockingFramework /Users/Shared/UnrealEngine/4.1/Engine/Source/Runtime/Slate/Public/IOS /Users/Shared/UnrealEngine/4.1/Engine/Source/Runtime/Slate/Public/MultiBox /Users/Shared/UnrealEngine/4.1/Engine/Source/Runtime/Slate/Public/TableView /Users/Shared/UnrealEngine/4.1/Engine/Source/Runtime/Slate/Public/Testing /Users/Shared/UnrealEngine/4.1/Engine/Source/Runtime/Slate/Public/Text /Users/Shared/UnrealEngine/4.1/Engine/Source/Runtime/Slate/Public/TutorialSystem /Users/Shared/UnrealEngine/4.1/Engine/Source/Runtime/InputCore/Classes /Users/Shared/UnrealEngine/4.1/Engine/Intermediate/Build/Mac/Inc/InputCore /Users/Shared/UnrealEngine/4.1/Engine/Source/Runtime/InputCore/Public /Users/Shared/UnrealEngine/4.1/Engine/Intermediate/Build/Mac/Inc/Messaging /Users/Shared/UnrealEngine/4.1/Engine/Source/Runtime/Messaging/Public /Users/Shared/UnrealEngine/4.1/Engine/Source/Runtime/Messaging/Public/Common /Users/Shared/UnrealEngine/4.1/Engine/Source/Runtime/Messaging/Public/Interfaces /Users/Shared/UnrealEngine/4.1/Engine/Intermediate/Build/Mac/Inc/Networking /Users/Shared/UnrealEngine/4.1/Engine/Source/Runtime/Networking/Public /Users/Shared/UnrealEngine/4.1/Engine/Source/Runtime/Networking/Public/Common /Users/Shared/UnrealEngine/4.1/Engine/Source/Runtime/Networking/Public/Interfaces /Users/Shared/UnrealEngine/4.1/Engine/Source/Runtime/Networking/Public/Interfaces/IPv4 /Users/Shared/UnrealEngine/4.1/Engine/Source/Runtime/Networking/Public/Interfaces/Steam /Users/Shared/UnrealEngine/4.1/Engine/Intermediate/Build/Mac/Inc/Sockets /Users/Shared/UnrealEngine/4.1/Engine/Source/Runtime/Sockets/Public /Users/Shared/UnrealEngine/4.1/Engine/Intermediate/Build/Mac/Inc/RenderCore /Users/Shared/UnrealEngine/4.1/Engine/Source/Runtime/RenderCore/Public /Users/Shared/UnrealEngine/4.1/Engine/Intermediate/Build/Mac/Inc/RHI /Users/Shared/UnrealEngine/4.1/Engine/Source/Runtime/RHI/Public /Users/Shared/UnrealEngine/4.1/Engine/Intermediate/Build/Mac/Inc/ShaderCore /Users/Shared/UnrealEngine/4.1/Engine/Source/Runtime/ShaderCore/Public /Users/Shared/UnrealEngine/4.1/Engine/Intermediate/Build/Mac/Inc/AssetRegistry /Users/Shared/UnrealEngine/4.1/Engine/Source/Runtime/AssetRegistry/Public /Users/Shared/UnrealEngine/4.1/Engine/Source/Runtime/EngineMessages/Classes /Users/Shared/UnrealEngine/4.1/Engine/Intermediate/Build/Mac/Inc/EngineMessages /Users/Shared/UnrealEngine/4.1/Engine/Source/Runtime/EngineMessages/Public /Users/Shared/UnrealEngine/4.1/Engine/Source/Runtime/EngineSettings/Classes /Users/Shared/UnrealEngine/4.1/Engine/Intermediate/Build/Mac/Inc/EngineSettings /Users/Shared/UnrealEngine/4.1/Engine/Source/Runtime/EngineSettings/Public /Users/Shared/UnrealEngine/4.1/Engine/Intermediate/Build/Mac/Inc/SynthBenchmark /Users/Shared/UnrealEngine/4.1/Engine/Source/Developer/SynthBenchmark/Public /Users/Shared/UnrealEngine/4.1/Engine/Intermediate/Build/Mac/Inc/Renderer /Users/Shared/UnrealEngine/4.1/Engine/Source/Runtime/Renderer/Public Intermediate/Build/Mac/Inc/Daedalus /Users/Shared/UnrealEngine/4.1/Engine/Source/Programs/UnrealLightmass/Public /Users/Shared/UnrealEngine/4.1/Engine/Source/Editor/UnrealEd/Classes /Users/Shared/UnrealEngine/4.1/Engine/Intermediate/Build/Mac/Inc/UnrealEd /Users/Shared/UnrealEngine/4.1/Engine/Source/Editor/UnrealEd/Public /Users/Shared/UnrealEngine/4.1/Engine/Source/Editor/UnrealEd/Public/Commandlets /Users/Shared/UnrealEngine/4.1/Engine/Source/Editor/UnrealEd/Public/Dialogs /Users/Shared/UnrealEngine/4.1/Engine/Source/Editor/UnrealEd/Public/DragAndDrop /Users/Shared/UnrealEngine/4.1/Engine/Source/Editor/UnrealEd/Public/Features /Users/Shared/UnrealEngine/4.1/Engine/Source/Editor/UnrealEd/Public/Kismet2 /Users/Shared/UnrealEngine/4.1/Engine/Source/Editor/UnrealEd/Public/Layers /Users/Shared/UnrealEngine/4.1/Engine/Source/Editor/UnrealEd/Public/Toolkits /Users/Shared/UnrealEngine/4.1/Engine/Intermediate/Build/Mac/Inc/BspMode /Users/Shared/UnrealEngine/4.1/Engine/Source/Editor/BspMode/Public /Users/Shared/UnrealEngine/4.1/Engine/Intermediate/Build/Mac/Inc/Documentation /Users/Shared/UnrealEngine/4.1/Engine/Source/Editor/Documentation/Public /Users/Shared/UnrealEngine/4.1/Engine/Intermediate/Build/Mac/Inc/Projects /Users/Shared/UnrealEngine/4.1/Engine/Source/Runtime/Projects/Public /Users/Shared/UnrealEngine/4.1/Engine/Source/Runtime/Projects/Public/Interfaces /Users/Shared/UnrealEngine/4.1/Engine/Intermediate/Build/Mac/Inc/SandboxFile /Users/Shared/UnrealEngine/4.1/Engine/Source/Runtime/SandboxFile/Public /Users/Shared/UnrealEngine/4.1/Engine/Intermediate/Build/Mac/Inc/EditorStyle /Users/Shared/UnrealEngine/4.1/Engine/Source/Editor/EditorStyle/Public /Users/Shared/UnrealEngine/4.1/Engine/Source/Editor/EditorStyle/Public/Classes /Users/Shared/UnrealEngine/4.1/Engine/Source/Editor/EditorStyle/Public/Interfaces /Users/Shared/UnrealEngine/4.1/Engine/Intermediate/Build/Mac/Inc/SourceControl /Users/Shared/UnrealEngine/4.1/Engine/Source/Developer/SourceControl/Public /Users/Shared/UnrealEngine/4.1/Engine/Source/Editor/UnrealEdMessages/Classes /Users/Shared/UnrealEngine/4.1/Engine/Intermediate/Build/Mac/Inc/UnrealEdMessages /Users/Shared/UnrealEngine/4.1/Engine/Source/Editor/UnrealEdMessages/Public /Users/Shared/UnrealEngine/4.1/Engine/Intermediate/Build/Mac/Inc/UserFeedback /Users/Shared/UnrealEngine/4.1/Engine/Source/Editor/UserFeedback/Public /Users/Shared/UnrealEngine/4.1/Engine/Intermediate/Build/Mac/Inc/CollectionManager /Users/Shared/UnrealEngine/4.1/Engine/Source/Developer/CollectionManager/Public";
			};
			name = Development;
		};
		D952B7C75DB9F09B1C0659E0 /* Development */ = {
			isa = XCBuildConfiguration;
			buildSettings = {
				ALWAYS_SEARCH_USER_PATHS = NO;
				BUNDLE_LOADER = Binaries/IOS/Payload/UE4CmdLineRun.app/UE4CmdLineRun;
				CLANG_CXX_LANGUAGE_STANDARD = "gnu++0x";
				CLANG_CXX_LIBRARY = "libc++";
				CLANG_ENABLE_MODULES = YES;
				CLANG_ENABLE_OBJC_ARC = YES;
				CODE_SIGN_IDENTITY = "iPhone Developer";
				CODE_SIGN_RESOURCE_RULES_PATH = /Users/Shared/UnrealEngine/4.1/Engine/Build/iOS/XcodeSupportFiles/CustomResourceRules.plist;
				CONFIGURATION_BUILD_DIR = Binaries/IOS/Payload;
				COPY_PHASE_STRIP = NO;
				DYNAMIC_NO_PIC = NO;
				FRAMEWORK_SEARCH_PATHS = (
					"$(SDKROOT)/Developer/Library/Frameworks",
					"$(inherited)",
					"$(DEVELOPER_FRAMEWORKS_DIR)",
				);
				GCC_C_LANGUAGE_STANDARD = gnu99;
				GCC_PRECOMPILE_PREFIX_HEADER = NO;
				GCC_PREPROCESSOR_DEFINITIONS = (
					"DEBUG=1",
					"$(inherited)",
				);
				GCC_SYMBOLS_PRIVATE_EXTERN = NO;
				INFOPLIST_FILE = "/Users/Shared/UnrealEngine/4.1/Engine/Build/IOS/UE4CmdLineRun/UE4CmdLineRun-Info.plist";
				IPHONEOS_DEPLOYMENT_TARGET = 7.0;
				OBJROOT = Intermediate/IOS/build;
				ONLY_ACTIVE_ARCH = YES;
				OPTIMIZATION_LEVEL = 0;
				PRODUCT_NAME = "$(TARGET_NAME)";
				SDKROOT = iphoneos;
				SUPPORTED_PLATFORMS = "iphoneos iphonesimulator";
				SYMROOT = Binaries/IOS;
				TEST_HOST = "$(BUNDLE_LOADER)";
				WRAPPER_EXTENSION = xctest;
			};
			name = Development;
		};
		FA14FCBC73C1DD7235C82274 /* Development */ = {
			isa = XCBuildConfiguration;
			buildSettings = {
				ARCHS = x86_64;
				COMBINE_HIDPI_IMAGES = YES;
				MACOSX_DEPLOYMENT_TARGET = 10.9;
				PRODUCT_NAME = "$(TARGET_NAME)";
				SDKROOT = macosx;
				VALID_ARCHS = x86_64;
			};
			name = Development;
		};
/* End XCBuildConfiguration section */

/* Begin XCConfigurationList section */
		4AB70876C6DC004E1C83CF66 /* Build configuration list for PBXNativeTarget "UE4CmdLineRun" */ = {
			isa = XCConfigurationList;
			buildConfigurations = (
				69A824385F771821966F0169 /* DebugGame */,
				D952B7C75DB9F09B1C0659E0 /* Development */,
				96F69C1E9C19F31639E95655 /* Shipping */,
			);
			defaultConfigurationIsVisible = 0;
			defaultConfigurationName = Development;
		};
		58C6B7838232F6F672FE5C1D /* Build configuration list for PBXLegacyTarget "DaedalusEditor - Mac" */ = {
			isa = XCConfigurationList;
			buildConfigurations = (
				68916B4241B4AEF995BEF171 /* DebugGame */,
				FA14FCBC73C1DD7235C82274 /* Development */,
				1EB96760CF2DF2BD838DBA52 /* Shipping */,
			);
			defaultConfigurationIsVisible = 0;
			defaultConfigurationName = Development;
		};
		968A7772A92C735A33683690 /* Build configuration list for PBXNativeTarget "Daedalus - iOS" */ = {
			isa = XCConfigurationList;
			buildConfigurations = (
				8FB91BCCC2267902894F1A28 /* DebugGame */,
				3C077CF9860BF737D22342C6 /* Development */,
				C912E2FCEC68631228C8FE7F /* Shipping */,
			);
			defaultConfigurationIsVisible = 0;
			defaultConfigurationName = Development;
		};
		B3FE6E8C9FF6EFF448F61B2C /* Build configuration list for PBXLegacyTarget "Daedalus - Mac" */ = {
			isa = XCConfigurationList;
			buildConfigurations = (
				70805CAF07BED8749C5323C0 /* DebugGame */,
				B95E02BA40CE0E124A5BEB52 /* Development */,
				8AEA479C385A8A203AEC25A1 /* Shipping */,
			);
			defaultConfigurationIsVisible = 0;
			defaultConfigurationName = Development;
		};
		C493C66D9527ABB4BDECE40B /* Build configuration list for PBXProject "Daedalus" */ = {
			isa = XCConfigurationList;
			buildConfigurations = (
				134B0AFECCB047DFF2C94291 /* DebugGame */,
				D839D69DF6E41888206558A6 /* Development */,
				20AFB0ACFD5E2FAF6EBE7CB0 /* Shipping */,
			);
			defaultConfigurationIsVisible = 0;
			defaultConfigurationName = Development;
		};
		D1CC7E2199A75E40BDE7696B /* Build configuration list for PBXNativeTarget "UE4XcodeHelper" */ = {
			isa = XCConfigurationList;
			buildConfigurations = (
				50167989F6123F5B5FE47DC7 /* DebugGame */,
				11437468019BCE81FFBDEE40 /* Development */,
				A97C684D2E97456CFD1FCCE2 /* Shipping */,
			);
			defaultConfigurationIsVisible = 0;
			defaultConfigurationName = Development;
		};
/* End XCConfigurationList section */
	};
	rootObject = 42C091BCCD9B3D4604F4B6F4 /* Project object */;
}
